<?xml version="1.0" encoding="UTF-8"?>
<Scheme
   LastUpgradeVersion = "1520"
   version = "1.7">
   <BuildAction
      parallelizeBuildables = "YES"
      buildImplicitDependencies = "YES">
      <BuildActionEntries>
         <BuildActionEntry
            buildForTesting = "YES"
            buildForRunning = "YES"
            buildForProfiling = "YES"
            buildForArchiving = "YES"
            buildForAnalyzing = "YES">
            <BuildableReference
               BuildableIdentifier = "primary"
               BlueprintIdentifier = "206C8F712AE181FF0081A35A"
               BuildableName = "SHPE-UF-Mobile-Swift.app"
               BlueprintName = "SHPE-UF-Mobile-Swift"
               ReferencedContainer = "container:SHPE-UF-Mobile-Swift.xcodeproj">
            </BuildableReference>
         </BuildActionEntry>
      </BuildActionEntries>
   </BuildAction>
   <TestAction
      buildConfiguration = "Debug"
      selectedDebuggerIdentifier = "Xcode.DebuggerFoundation.Debugger.LLDB"
      selectedLauncherIdentifier = "Xcode.DebuggerFoundation.Launcher.LLDB"
      shouldUseLaunchSchemeArgsEnv = "YES"
      shouldAutocreateTestPlan = "YES">
      <Testables>
         <TestableReference
            skipped = "NO"
            parallelizable = "YES">
            <BuildableReference
               BuildableIdentifier = "primary"
               BlueprintIdentifier = "206C8F812AE182020081A35A"
               BuildableName = "SHPE-UF-Mobile-SwiftTests.xctest"
               BlueprintName = "SHPE-UF-Mobile-SwiftTests"
               ReferencedContainer = "container:SHPE-UF-Mobile-Swift.xcodeproj">
            </BuildableReference>
         </TestableReference>
         <TestableReference
            skipped = "NO"
            parallelizable = "YES">
            <BuildableReference
               BuildableIdentifier = "primary"
               BlueprintIdentifier = "206C8F8B2AE182020081A35A"
               BuildableName = "SHPE-UF-Mobile-SwiftUITests.xctest"
               BlueprintName = "SHPE-UF-Mobile-SwiftUITests"
               ReferencedContainer = "container:SHPE-UF-Mobile-Swift.xcodeproj">
            </BuildableReference>
         </TestableReference>
      </Testables>
   </TestAction>
   <LaunchAction
      buildConfiguration = "Debug"
      selectedDebuggerIdentifier = "Xcode.DebuggerFoundation.Debugger.LLDB"
      selectedLauncherIdentifier = "Xcode.DebuggerFoundation.Launcher.LLDB"
      launchStyle = "0"
      useCustomWorkingDirectory = "NO"
      ignoresPersistentStateOnLaunch = "NO"
      debugDocumentVersioning = "YES"
      debugServiceExtension = "internal"
      allowLocationSimulation = "YES">
      <BuildableProductRunnable
         runnableDebuggingMode = "0">
         <BuildableReference
            BuildableIdentifier = "primary"
            BlueprintIdentifier = "206C8F712AE181FF0081A35A"
            BuildableName = "SHPE-UF-Mobile-Swift.app"
            BlueprintName = "SHPE-UF-Mobile-Swift"
            ReferencedContainer = "container:SHPE-UF-Mobile-Swift.xcodeproj">
         </BuildableReference>
      </BuildableProductRunnable>
      <EnvironmentVariables>
         <EnvironmentVariable
            key = "CALENDAR_API_KEY"
            value = "AIzaSyDksxCOxxnppCicmkpwDZchaQyqbfzNv64"
            isEnabled = "YES">
         </EnvironmentVariable>
         <EnvironmentVariable
            key = "CALENDAR_ID"
            value = "calendar.shpeuf@gmail.com"
            isEnabled = "YES">
         </EnvironmentVariable>
      </EnvironmentVariables>
   </LaunchAction>
   <ProfileAction
      buildConfiguration = "Release"
      shouldUseLaunchSchemeArgsEnv = "YES"
      savedToolIdentifier = ""
      useCustomWorkingDirectory = "NO"
      debugDocumentVersioning = "YES">
      <BuildableProductRunnable
         runnableDebuggingMode = "0">
         <BuildableReference
            BuildableIdentifier = "primary"
            BlueprintIdentifier = "206C8F712AE181FF0081A35A"
            BuildableName = "SHPE-UF-Mobile-Swift.app"
            BlueprintName = "SHPE-UF-Mobile-Swift"
            ReferencedContainer = "container:SHPE-UF-Mobile-Swift.xcodeproj">
         </BuildableReference>
      </BuildableProductRunnable>
   </ProfileAction>
   <AnalyzeAction
      buildConfiguration = "Debug">
   </AnalyzeAction>
   <ArchiveAction
      buildConfiguration = "Release"
      revealArchiveInOrganizer = "YES">
   </ArchiveAction>
</Scheme>
