// !$*UTF8*$!
{
	archiveVersion = 1;
	classes = {
	};
	objectVersion = 56;
	objects = {

/* Begin PBXBuildFile section */
		206C8F762AE181FF0081A35A /* SHPE_UF_Mobile_SwiftApp.swift in Sources */ = {isa = PBXBuildFile; fileRef = 206C8F752AE181FF0081A35A /* SHPE_UF_Mobile_SwiftApp.swift */; };
		206C8F782AE181FF0081A35A /* SHPEUFAppView.swift in Sources */ = {isa = PBXBuildFile; fileRef = 206C8F772AE181FF0081A35A /* SHPEUFAppView.swift */; };
		206C8F7A2AE182020081A35A /* Assets.xcassets in Resources */ = {isa = PBXBuildFile; fileRef = 206C8F792AE182020081A35A /* Assets.xcassets */; };
		206C8F7D2AE182020081A35A /* Preview Assets.xcassets in Resources */ = {isa = PBXBuildFile; fileRef = 206C8F7C2AE182020081A35A /* Preview Assets.xcassets */; };
		206C8F872AE182020081A35A /* SHPE_UF_Mobile_SwiftTests.swift in Sources */ = {isa = PBXBuildFile; fileRef = 206C8F862AE182020081A35A /* SHPE_UF_Mobile_SwiftTests.swift */; };
		206C8F912AE182020081A35A /* SHPE_UF_Mobile_SwiftUITests.swift in Sources */ = {isa = PBXBuildFile; fileRef = 206C8F902AE182020081A35A /* SHPE_UF_Mobile_SwiftUITests.swift */; };
		206C8F932AE182020081A35A /* SHPE_UF_Mobile_SwiftUITestsLaunchTests.swift in Sources */ = {isa = PBXBuildFile; fileRef = 206C8F922AE182020081A35A /* SHPE_UF_Mobile_SwiftUITestsLaunchTests.swift */; };
		20CF4A212AE7441700916EC6 /* SignIn.swift in Sources */ = {isa = PBXBuildFile; fileRef = 20CF4A202AE7441700916EC6 /* SignIn.swift */; };
		20CF4A242AE7446500916EC6 /* MongoDB.swift in Sources */ = {isa = PBXBuildFile; fileRef = 20CF4A232AE7446500916EC6 /* MongoDB.swift */; };
		20CF4A302AE7475500916EC6 /* SignInView.swift in Sources */ = {isa = PBXBuildFile; fileRef = 20CF4A2F2AE7475500916EC6 /* SignInView.swift */; };
		20CF4A362AE7478400916EC6 /* HomeViewModel.swift in Sources */ = {isa = PBXBuildFile; fileRef = 20CF4A352AE7478400916EC6 /* HomeViewModel.swift */; };
		20CF4A3C2AE747BC00916EC6 /* PointsView.swift in Sources */ = {isa = PBXBuildFile; fileRef = 20CF4A3B2AE747BC00916EC6 /* PointsView.swift */; };
		20CF4A3E2AE747E900916EC6 /* HomeView.swift in Sources */ = {isa = PBXBuildFile; fileRef = 20CF4A3D2AE747E900916EC6 /* HomeView.swift */; };
		20CF4A402AE7480500916EC6 /* SignInViewModel.swift in Sources */ = {isa = PBXBuildFile; fileRef = 20CF4A3F2AE7480500916EC6 /* SignInViewModel.swift */; };
		462B6F4A2B7180AB00EB575C /* CircularProgessView.swift in Sources */ = {isa = PBXBuildFile; fileRef = 462B6F492B7180AB00EB575C /* CircularProgessView.swift */; };
		4632E4742B6B575E0048782D /* PointsUI.swift in Sources */ = {isa = PBXBuildFile; fileRef = 4632E4732B6B575E0048782D /* PointsUI.swift */; };
		4632E4762B6B57A00048782D /* RedeemPointsButton.swift in Sources */ = {isa = PBXBuildFile; fileRef = 4632E4752B6B57A00048782D /* RedeemPointsButton.swift */; };
		4632E4782B6B57A80048782D /* RedeemView.swift in Sources */ = {isa = PBXBuildFile; fileRef = 4632E4772B6B57A80048782D /* RedeemView.swift */; };
		4632E47A2B6B64000048782D /* PointsViewModel.swift in Sources */ = {isa = PBXBuildFile; fileRef = 4632E4792B6B64000048782D /* PointsViewModel.swift */; };
		4632E47C2B6B64170048782D /* SHPEito.swift in Sources */ = {isa = PBXBuildFile; fileRef = 4632E47B2B6B64170048782D /* SHPEito.swift */; };
		46909DFA2B96907D00E99274 /* UserEvent.swift in Sources */ = {isa = PBXBuildFile; fileRef = 46909DF92B96907D00E99274 /* UserEvent.swift */; };
		46909E4A2B96952000E99274 /* PointsViewDark.swift in Sources */ = {isa = PBXBuildFile; fileRef = 46909E492B96952000E99274 /* PointsViewDark.swift */; };
		46909E4C2B96955100E99274 /* CircularProgressViewDark.swift in Sources */ = {isa = PBXBuildFile; fileRef = 46909E4B2B96955100E99274 /* CircularProgressViewDark.swift */; };
		46CA418D2B7EC7DB0083F81C /* TableView.swift in Sources */ = {isa = PBXBuildFile; fileRef = 46CA418C2B7EC7DB0083F81C /* TableView.swift */; };
		46CA418F2B7EC82B0083F81C /* SingleEventView.swift in Sources */ = {isa = PBXBuildFile; fileRef = 46CA418E2B7EC82B0083F81C /* SingleEventView.swift */; };
		52051D8F2CC1BCBF00B07A32 /* CoreUserModel.xcdatamodeld in Sources */ = {isa = PBXBuildFile; fileRef = 52051D8D2CC1BCBF00B07A32 /* CoreUserModel.xcdatamodeld */; };
		521249D52CEFA22600EB0364 /* QRCodeScannerView.swift in Sources */ = {isa = PBXBuildFile; fileRef = 521249D42CEFA21A00EB0364 /* QRCodeScannerView.swift */; };
		523C398E2B7DD0990019C353 /* AcademicInfoView.swift in Sources */ = {isa = PBXBuildFile; fileRef = 523C398D2B7DD0990019C353 /* AcademicInfoView.swift */; };
		5256A4352B7C0AFF00DD21EE /* PersonalDetailsView.swift in Sources */ = {isa = PBXBuildFile; fileRef = 5256A4342B7C0AFF00DD21EE /* PersonalDetailsView.swift */; };
		528D72BE2B74648600702D0B /* RegisterView.swift in Sources */ = {isa = PBXBuildFile; fileRef = 528D72BD2B74648600702D0B /* RegisterView.swift */; };
		528D72C02B74649900702D0B /* RegisterViewModel.swift in Sources */ = {isa = PBXBuildFile; fileRef = 528D72BF2B74649900702D0B /* RegisterViewModel.swift */; };
		52A67A592B91642D00D21F73 /* LandingPageView.swift in Sources */ = {isa = PBXBuildFile; fileRef = 52A67A582B91642D00D21F73 /* LandingPageView.swift */; };
		53C7704E2B9A79EF00455FC5 /* ProfileView.swift in Sources */ = {isa = PBXBuildFile; fileRef = 53C7704D2B9A79EF00455FC5 /* ProfileView.swift */; };
		812F466F2DC5187B007D7125 /* GetPartners.graphql.swift in Resources */ = {isa = PBXBuildFile; fileRef = 812F466E2DC5187B007D7125 /* GetPartners.graphql.swift */; };
		812F46752DC52744007D7125 /* GetPartnersQuery.graphql.swift in Sources */ = {isa = PBXBuildFile; fileRef = 812F46722DC52744007D7125 /* GetPartnersQuery.graphql.swift */; };
		812F46772DC52D34007D7125 /* ApolloAPI in Frameworks */ = {isa = PBXBuildFile; productRef = 812F46762DC52D34007D7125 /* ApolloAPI */; };
		812F467D2DC6B3C1007D7125 /* Partner.graphql.swift in Sources */ = {isa = PBXBuildFile; fileRef = 812F467C2DC6B3C1007D7125 /* Partner.graphql.swift */; };
		812F46802DC70EB4007D7125 /* ID.swift in Sources */ = {isa = PBXBuildFile; fileRef = 812F467E2DC70EB4007D7125 /* ID.swift */; };
		816E38F32D63B5C400320651 /* GuestCalendarView.swift in Sources */ = {isa = PBXBuildFile; fileRef = 816E38F22D63B5BB00320651 /* GuestCalendarView.swift */; };
		816E38F52D63B5E800320651 /* GuestPartnersView.swift in Sources */ = {isa = PBXBuildFile; fileRef = 816E38F42D63B5DC00320651 /* GuestPartnersView.swift */; };
		816E38F92D75FEDF00320651 /* GuestCalendarContainerView.swift in Sources */ = {isa = PBXBuildFile; fileRef = 816E38F82D75FED300320651 /* GuestCalendarContainerView.swift */; };
		816E38FB2D76633D00320651 /* GuestPageContentView.swift in Sources */ = {isa = PBXBuildFile; fileRef = 816E38FA2D76632F00320651 /* GuestPageContentView.swift */; };
		816E39542D7F52E400320651 /* QuoteView.swift in Sources */ = {isa = PBXBuildFile; fileRef = 816E39532D7F52E400320651 /* QuoteView.swift */; };
		816E39552D7F52E400320651 /* AboutUsView.swift in Sources */ = {isa = PBXBuildFile; fileRef = 816E394E2D7F52E400320651 /* AboutUsView.swift */; };
		816E39562D7F52E400320651 /* InstagramPostView.swift in Sources */ = {isa = PBXBuildFile; fileRef = 816E39502D7F52E400320651 /* InstagramPostView.swift */; };
		816E39572D7F52E400320651 /* InstagramPost.swift in Sources */ = {isa = PBXBuildFile; fileRef = 816E394F2D7F52E400320651 /* InstagramPost.swift */; };
		816E39582D7F52E400320651 /* MissionStatementView.swift in Sources */ = {isa = PBXBuildFile; fileRef = 816E39512D7F52E400320651 /* MissionStatementView.swift */; };
		816E39592D7F52E400320651 /* PostCarousel.swift in Sources */ = {isa = PBXBuildFile; fileRef = 816E39522D7F52E400320651 /* PostCarousel.swift */; };
		9506F5C22CAF4B4100C11AC9 /* QRCodeScanner.swift in Sources */ = {isa = PBXBuildFile; fileRef = 9506F5C12CAF4B4100C11AC9 /* QRCodeScanner.swift */; };
		951F6E7E2BB265D3001FDB50 /* DataManager.swift in Sources */ = {isa = PBXBuildFile; fileRef = 951F6E7D2BB265D3001FDB50 /* DataManager.swift */; };
		951F6E8C2BB3BD69001FDB50 /* ProfileViewModel.swift in Sources */ = {isa = PBXBuildFile; fileRef = 951F6E8B2BB3BD69001FDB50 /* ProfileViewModel.swift */; };
		951F6E8E2BB5E6C2001FDB50 /* SignIn.graphql.swift in Resources */ = {isa = PBXBuildFile; fileRef = 951F6E8D2BB5E6C2001FDB50 /* SignIn.graphql.swift */; };
		951F6E902BB5EC58001FDB50 /* EditUserProfile.graphql.swift in Resources */ = {isa = PBXBuildFile; fileRef = 951F6E8F2BB5EC58001FDB50 /* EditUserProfile.graphql.swift */; };
		951F6EBD2BB65E1F001FDB50 /* CoreFunctions.swift in Sources */ = {isa = PBXBuildFile; fileRef = 951F6EBC2BB65E1F001FDB50 /* CoreFunctions.swift */; };
		951F6EC02BB669DF001FDB50 /* ImageHelper.swift in Sources */ = {isa = PBXBuildFile; fileRef = 951F6EBF2BB669DF001FDB50 /* ImageHelper.swift */; };
		951F6ED12BB68A1D001FDB50 /* LaunchScreen.storyboard in Resources */ = {isa = PBXBuildFile; fileRef = 951F6ED02BB68A1D001FDB50 /* LaunchScreen.storyboard */; };
		951F6ED92BB69806001FDB50 /* GetUsers.graphql.swift in Resources */ = {isa = PBXBuildFile; fileRef = 951F6ED82BB69806001FDB50 /* GetUsers.graphql.swift */; };
		951F6F172BB84D28001FDB50 /* GetUserEvents.graphql.swift in Resources */ = {isa = PBXBuildFile; fileRef = 951F6F162BB84D28001FDB50 /* GetUserEvents.graphql.swift */; };
		951F6F1E2BB8B134001FDB50 /* TextFieldHelper.swift in Sources */ = {isa = PBXBuildFile; fileRef = 951F6F1D2BB8B134001FDB50 /* TextFieldHelper.swift */; };
		951F6F202BB8D766001FDB50 /* RedeemPoints.graphql.swift in Resources */ = {isa = PBXBuildFile; fileRef = 951F6F1F2BB8D766001FDB50 /* RedeemPoints.graphql.swift */; };
		9560D4A02D19BD73002938CE /* CodeScanner in Frameworks */ = {isa = PBXBuildFile; productRef = 9560D49F2D19BD73002938CE /* CodeScanner */; };
		9560D4A32D19BD7B002938CE /* Apollo in Frameworks */ = {isa = PBXBuildFile; productRef = 9560D4A22D19BD7B002938CE /* Apollo */; };
		9560D4A92D21F2EF002938CE /* LocationViewPopUp.swift in Sources */ = {isa = PBXBuildFile; fileRef = 9560D4A82D21F2EF002938CE /* LocationViewPopUp.swift */; };
		958A5DDC2B5864E400D1BAE4 /* RequestHandler.swift in Sources */ = {isa = PBXBuildFile; fileRef = 958A5DDB2B5864E400D1BAE4 /* RequestHandler.swift */; };
		958A5E6C2B62108300D1BAE4 /* GetUserPoints.graphql.swift in Resources */ = {isa = PBXBuildFile; fileRef = 958A5E6B2B62108300D1BAE4 /* GetUserPoints.graphql.swift */; };
		958A5E6D2B62108300D1BAE4 /* GetUserPoints.graphql.swift in Resources */ = {isa = PBXBuildFile; fileRef = 958A5E6B2B62108300D1BAE4 /* GetUserPoints.graphql.swift */; };
		958A5E6E2B62108300D1BAE4 /* GetUserPoints.graphql.swift in Resources */ = {isa = PBXBuildFile; fileRef = 958A5E6B2B62108300D1BAE4 /* GetUserPoints.graphql.swift */; };
		958CB0262B9CE724002B83F9 /* SHPEUFAppViewModel.swift in Sources */ = {isa = PBXBuildFile; fileRef = 958CB0252B9CE724002B83F9 /* SHPEUFAppViewModel.swift */; };
		958CB0332B9D7F93002B83F9 /* CheckCore.swift in Sources */ = {isa = PBXBuildFile; fileRef = 958CB0322B9D7F93002B83F9 /* CheckCore.swift */; };
		958CB0352B9D8587002B83F9 /* CheckCoreViewModel.swift in Sources */ = {isa = PBXBuildFile; fileRef = 958CB0342B9D8587002B83F9 /* CheckCoreViewModel.swift */; };
		959BEA4F2BF45F4C0009789D /* DeleteUser.graphql.swift in Resources */ = {isa = PBXBuildFile; fileRef = 959BEA4E2BF45F4C0009789D /* DeleteUser.graphql.swift */; };
		959BEA6B2BF461CD0009789D /* DeleteUserMutation.graphql.swift in Sources */ = {isa = PBXBuildFile; fileRef = 959BEA502BF461CD0009789D /* DeleteUserMutation.graphql.swift */; };
		959BEA6C2BF461CD0009789D /* EditUserProfileMutation.graphql.swift in Sources */ = {isa = PBXBuildFile; fileRef = 959BEA512BF461CD0009789D /* EditUserProfileMutation.graphql.swift */; };
		959BEA6D2BF461CD0009789D /* RedeemPointsMutation.graphql.swift in Sources */ = {isa = PBXBuildFile; fileRef = 959BEA522BF461CD0009789D /* RedeemPointsMutation.graphql.swift */; };
		959BEA6E2BF461CD0009789D /* RegisterUserMutation.graphql.swift in Sources */ = {isa = PBXBuildFile; fileRef = 959BEA532BF461CD0009789D /* RegisterUserMutation.graphql.swift */; };
		959BEA6F2BF461CD0009789D /* SignInMutation.graphql.swift in Sources */ = {isa = PBXBuildFile; fileRef = 959BEA542BF461CD0009789D /* SignInMutation.graphql.swift */; };
		959BEA702BF461CD0009789D /* GetPercentilesQuery.graphql.swift in Sources */ = {isa = PBXBuildFile; fileRef = 959BEA562BF461CD0009789D /* GetPercentilesQuery.graphql.swift */; };
		959BEA712BF461CD0009789D /* GetPointsQuery.graphql.swift in Sources */ = {isa = PBXBuildFile; fileRef = 959BEA572BF461CD0009789D /* GetPointsQuery.graphql.swift */; };
		959BEA722BF461CD0009789D /* GetUserEventsQuery.graphql.swift in Sources */ = {isa = PBXBuildFile; fileRef = 959BEA582BF461CD0009789D /* GetUserEventsQuery.graphql.swift */; };
		959BEA732BF461CD0009789D /* GetUserPointsQuery.graphql.swift in Sources */ = {isa = PBXBuildFile; fileRef = 959BEA592BF461CD0009789D /* GetUserPointsQuery.graphql.swift */; };
		959BEA742BF461CD0009789D /* GetUsersQuery.graphql.swift in Sources */ = {isa = PBXBuildFile; fileRef = 959BEA5A2BF461CD0009789D /* GetUsersQuery.graphql.swift */; };
		959BEA752BF461CD0009789D /* EditUserProfileInput.graphql.swift in Sources */ = {isa = PBXBuildFile; fileRef = 959BEA5D2BF461CD0009789D /* EditUserProfileInput.graphql.swift */; };
		959BEA762BF461CD0009789D /* RedeemPointsInput.graphql.swift in Sources */ = {isa = PBXBuildFile; fileRef = 959BEA5E2BF461CD0009789D /* RedeemPointsInput.graphql.swift */; };
		959BEA772BF461CD0009789D /* RegisterInput.graphql.swift in Sources */ = {isa = PBXBuildFile; fileRef = 959BEA5F2BF461CD0009789D /* RegisterInput.graphql.swift */; };
		959BEA782BF461CD0009789D /* Event.graphql.swift in Sources */ = {isa = PBXBuildFile; fileRef = 959BEA612BF461CD0009789D /* Event.graphql.swift */; };
		959BEA792BF461CD0009789D /* Mutation.graphql.swift in Sources */ = {isa = PBXBuildFile; fileRef = 959BEA622BF461CD0009789D /* Mutation.graphql.swift */; };
		959BEA7A2BF461CD0009789D /* Query.graphql.swift in Sources */ = {isa = PBXBuildFile; fileRef = 959BEA632BF461CD0009789D /* Query.graphql.swift */; };
		959BEA7B2BF461CD0009789D /* User.graphql.swift in Sources */ = {isa = PBXBuildFile; fileRef = 959BEA642BF461CD0009789D /* User.graphql.swift */; };
		959BEA7C2BF461CD0009789D /* SchemaConfiguration.swift in Sources */ = {isa = PBXBuildFile; fileRef = 959BEA662BF461CD0009789D /* SchemaConfiguration.swift */; };
		959BEA7D2BF461CD0009789D /* SchemaMetadata.graphql.swift in Sources */ = {isa = PBXBuildFile; fileRef = 959BEA672BF461CD0009789D /* SchemaMetadata.graphql.swift */; };
		959BEA7E2BF461CD0009789D /* SHPESchema.graphql.swift in Sources */ = {isa = PBXBuildFile; fileRef = 959BEA692BF461CD0009789D /* SHPESchema.graphql.swift */; };
		95D327002B8FED88002A7DDA /* Event.swift in Sources */ = {isa = PBXBuildFile; fileRef = 95D326FF2B8FED87002A7DDA /* Event.swift */; };
		95D3708B2B64702F00B2C5A4 /* RegisterUser.graphql.swift in Resources */ = {isa = PBXBuildFile; fileRef = 95D370852B64702E00B2C5A4 /* RegisterUser.graphql.swift */; };
		95D3708C2B64702F00B2C5A4 /* RegisterUser.graphql.swift in Resources */ = {isa = PBXBuildFile; fileRef = 95D370852B64702E00B2C5A4 /* RegisterUser.graphql.swift */; };
		95D3708D2B64702F00B2C5A4 /* RegisterUser.graphql.swift in Resources */ = {isa = PBXBuildFile; fileRef = 95D370852B64702E00B2C5A4 /* RegisterUser.graphql.swift */; };
		95D370992B64732000B2C5A4 /* GetPercentiles.graphql.swift in Resources */ = {isa = PBXBuildFile; fileRef = 95D370982B64732000B2C5A4 /* GetPercentiles.graphql.swift */; };
		95D3709A2B64732000B2C5A4 /* GetPercentiles.graphql.swift in Resources */ = {isa = PBXBuildFile; fileRef = 95D370982B64732000B2C5A4 /* GetPercentiles.graphql.swift */; };
		95D3709B2B64732000B2C5A4 /* GetPercentiles.graphql.swift in Resources */ = {isa = PBXBuildFile; fileRef = 95D370982B64732000B2C5A4 /* GetPercentiles.graphql.swift */; };
		95D3709D2B64737A00B2C5A4 /* GetPoints.graphql.swift in Resources */ = {isa = PBXBuildFile; fileRef = 95D3709C2B64737A00B2C5A4 /* GetPoints.graphql.swift */; };
		95D3709E2B64737A00B2C5A4 /* GetPoints.graphql.swift in Resources */ = {isa = PBXBuildFile; fileRef = 95D3709C2B64737A00B2C5A4 /* GetPoints.graphql.swift */; };
		95D3709F2B64737A00B2C5A4 /* GetPoints.graphql.swift in Resources */ = {isa = PBXBuildFile; fileRef = 95D3709C2B64737A00B2C5A4 /* GetPoints.graphql.swift */; };
		B819E5DF2D17E1EC005046DC /* MapManager.swift in Sources */ = {isa = PBXBuildFile; fileRef = B819E5DE2D17E1E8005046DC /* MapManager.swift */; };
		B8264CEF2BAE5D4B005CED1B /* Constants.swift in Sources */ = {isa = PBXBuildFile; fileRef = B8264CEE2BAE5D4B005CED1B /* Constants.swift */; };
		B8264CF12BAE5E07005CED1B /* DateHelper.swift in Sources */ = {isa = PBXBuildFile; fileRef = B8264CF02BAE5E07005CED1B /* DateHelper.swift */; };
		B8A10DA32B7F1A7D006BC59D /* NotificationView.swift in Sources */ = {isa = PBXBuildFile; fileRef = B8A10DA22B7F1A7D006BC59D /* NotificationView.swift */; };
		B8A10DA52B817793006BC59D /* NotificationViewModel.swift in Sources */ = {isa = PBXBuildFile; fileRef = B8A10DA42B817793006BC59D /* NotificationViewModel.swift */; };
		B8CD7F742B758E2C00F05DBA /* HomePageContentView.swift in Sources */ = {isa = PBXBuildFile; fileRef = B8CD7F732B758E2C00F05DBA /* HomePageContentView.swift */; };
		B8DCB9462D160F4800602068 /* EventInfoView.swift in Sources */ = {isa = PBXBuildFile; fileRef = B8DCB9452D160F4200602068 /* EventInfoView.swift */; };
		B8DCB9482D1610F300602068 /* EventBox.swift in Sources */ = {isa = PBXBuildFile; fileRef = B8DCB9472D1610EE00602068 /* EventBox.swift */; };
		B8DCB94E2D161EE000602068 /* LocationView.swift in Sources */ = {isa = PBXBuildFile; fileRef = B8DCB94D2D161ED600602068 /* LocationView.swift */; };
		B8DCB9522D16395200602068 /* MTPlacemark.swift in Sources */ = {isa = PBXBuildFile; fileRef = B8DCB9512D16394E00602068 /* MTPlacemark.swift */; };
		B8DCB9542D16FC8200602068 /* LocationManager.swift in Sources */ = {isa = PBXBuildFile; fileRef = B8DCB9532D16FC6800602068 /* LocationManager.swift */; };
		B8E3870C2D177D5F00E9BBF0 /* LocationDetailView.swift in Sources */ = {isa = PBXBuildFile; fileRef = B8E3870B2D177D5800E9BBF0 /* LocationDetailView.swift */; };
		B8EF26FD2B8FB0B900F98FA2 /* Viga-Regular.ttf in Resources */ = {isa = PBXBuildFile; fileRef = B8EF26FC2B8FB0B900F98FA2 /* Viga-Regular.ttf */; };
		B8EF27022B8FD25700F98FA2 /* UniversLTStd.otf in Resources */ = {isa = PBXBuildFile; fileRef = B8EF27012B8FD25700F98FA2 /* UniversLTStd.otf */; };
/* End PBXBuildFile section */

/* Begin PBXContainerItemProxy section */
		206C8F832AE182020081A35A /* PBXContainerItemProxy */ = {
			isa = PBXContainerItemProxy;
			containerPortal = 206C8F6A2AE181FF0081A35A /* Project object */;
			proxyType = 1;
			remoteGlobalIDString = 206C8F712AE181FF0081A35A;
			remoteInfo = "SHPE-UF-Mobile-Swift";
		};
		206C8F8D2AE182020081A35A /* PBXContainerItemProxy */ = {
			isa = PBXContainerItemProxy;
			containerPortal = 206C8F6A2AE181FF0081A35A /* Project object */;
			proxyType = 1;
			remoteGlobalIDString = 206C8F712AE181FF0081A35A;
			remoteInfo = "SHPE-UF-Mobile-Swift";
		};
/* End PBXContainerItemProxy section */

/* Begin PBXFileReference section */
		206C8F722AE181FF0081A35A /* SHPE-UF-Mobile-Swift.app */ = {isa = PBXFileReference; explicitFileType = wrapper.application; includeInIndex = 0; path = "SHPE-UF-Mobile-Swift.app"; sourceTree = BUILT_PRODUCTS_DIR; };
		206C8F752AE181FF0081A35A /* SHPE_UF_Mobile_SwiftApp.swift */ = {isa = PBXFileReference; lastKnownFileType = sourcecode.swift; path = SHPE_UF_Mobile_SwiftApp.swift; sourceTree = "<group>"; };
		206C8F772AE181FF0081A35A /* SHPEUFAppView.swift */ = {isa = PBXFileReference; lastKnownFileType = sourcecode.swift; path = SHPEUFAppView.swift; sourceTree = "<group>"; };
		206C8F792AE182020081A35A /* Assets.xcassets */ = {isa = PBXFileReference; lastKnownFileType = folder.assetcatalog; path = Assets.xcassets; sourceTree = "<group>"; };
		206C8F7C2AE182020081A35A /* Preview Assets.xcassets */ = {isa = PBXFileReference; lastKnownFileType = folder.assetcatalog; path = "Preview Assets.xcassets"; sourceTree = "<group>"; };
		206C8F822AE182020081A35A /* SHPE-UF-Mobile-SwiftTests.xctest */ = {isa = PBXFileReference; explicitFileType = wrapper.cfbundle; includeInIndex = 0; path = "SHPE-UF-Mobile-SwiftTests.xctest"; sourceTree = BUILT_PRODUCTS_DIR; };
		206C8F862AE182020081A35A /* SHPE_UF_Mobile_SwiftTests.swift */ = {isa = PBXFileReference; lastKnownFileType = sourcecode.swift; path = SHPE_UF_Mobile_SwiftTests.swift; sourceTree = "<group>"; };
		206C8F8C2AE182020081A35A /* SHPE-UF-Mobile-SwiftUITests.xctest */ = {isa = PBXFileReference; explicitFileType = wrapper.cfbundle; includeInIndex = 0; path = "SHPE-UF-Mobile-SwiftUITests.xctest"; sourceTree = BUILT_PRODUCTS_DIR; };
		206C8F902AE182020081A35A /* SHPE_UF_Mobile_SwiftUITests.swift */ = {isa = PBXFileReference; lastKnownFileType = sourcecode.swift; path = SHPE_UF_Mobile_SwiftUITests.swift; sourceTree = "<group>"; };
		206C8F922AE182020081A35A /* SHPE_UF_Mobile_SwiftUITestsLaunchTests.swift */ = {isa = PBXFileReference; lastKnownFileType = sourcecode.swift; path = SHPE_UF_Mobile_SwiftUITestsLaunchTests.swift; sourceTree = "<group>"; };
		20CF4A202AE7441700916EC6 /* SignIn.swift */ = {isa = PBXFileReference; lastKnownFileType = sourcecode.swift; path = SignIn.swift; sourceTree = "<group>"; };
		20CF4A232AE7446500916EC6 /* MongoDB.swift */ = {isa = PBXFileReference; lastKnownFileType = sourcecode.swift; path = MongoDB.swift; sourceTree = "<group>"; };
		20CF4A2F2AE7475500916EC6 /* SignInView.swift */ = {isa = PBXFileReference; lastKnownFileType = sourcecode.swift; path = SignInView.swift; sourceTree = "<group>"; };
		20CF4A352AE7478400916EC6 /* HomeViewModel.swift */ = {isa = PBXFileReference; lastKnownFileType = sourcecode.swift; path = HomeViewModel.swift; sourceTree = "<group>"; };
		20CF4A3B2AE747BC00916EC6 /* PointsView.swift */ = {isa = PBXFileReference; lastKnownFileType = sourcecode.swift; path = PointsView.swift; sourceTree = "<group>"; };
		20CF4A3D2AE747E900916EC6 /* HomeView.swift */ = {isa = PBXFileReference; lastKnownFileType = sourcecode.swift; path = HomeView.swift; sourceTree = "<group>"; };
		20CF4A3F2AE7480500916EC6 /* SignInViewModel.swift */ = {isa = PBXFileReference; lastKnownFileType = sourcecode.swift; path = SignInViewModel.swift; sourceTree = "<group>"; };
		462B6F492B7180AB00EB575C /* CircularProgessView.swift */ = {isa = PBXFileReference; fileEncoding = 4; lastKnownFileType = sourcecode.swift; path = CircularProgessView.swift; sourceTree = "<group>"; };
		4632E4732B6B575E0048782D /* PointsUI.swift */ = {isa = PBXFileReference; fileEncoding = 4; lastKnownFileType = sourcecode.swift; path = PointsUI.swift; sourceTree = "<group>"; };
		4632E4752B6B57A00048782D /* RedeemPointsButton.swift */ = {isa = PBXFileReference; fileEncoding = 4; lastKnownFileType = sourcecode.swift; path = RedeemPointsButton.swift; sourceTree = "<group>"; };
		4632E4772B6B57A80048782D /* RedeemView.swift */ = {isa = PBXFileReference; fileEncoding = 4; lastKnownFileType = sourcecode.swift; path = RedeemView.swift; sourceTree = "<group>"; };
		4632E4792B6B64000048782D /* PointsViewModel.swift */ = {isa = PBXFileReference; fileEncoding = 4; lastKnownFileType = sourcecode.swift; path = PointsViewModel.swift; sourceTree = "<group>"; };
		4632E47B2B6B64170048782D /* SHPEito.swift */ = {isa = PBXFileReference; fileEncoding = 4; lastKnownFileType = sourcecode.swift; path = SHPEito.swift; sourceTree = "<group>"; };
		46909DF92B96907D00E99274 /* UserEvent.swift */ = {isa = PBXFileReference; lastKnownFileType = sourcecode.swift; path = UserEvent.swift; sourceTree = "<group>"; };
		46909E492B96952000E99274 /* PointsViewDark.swift */ = {isa = PBXFileReference; lastKnownFileType = sourcecode.swift; path = PointsViewDark.swift; sourceTree = "<group>"; };
		46909E4B2B96955100E99274 /* CircularProgressViewDark.swift */ = {isa = PBXFileReference; lastKnownFileType = sourcecode.swift; path = CircularProgressViewDark.swift; sourceTree = "<group>"; };
		46CA418C2B7EC7DB0083F81C /* TableView.swift */ = {isa = PBXFileReference; lastKnownFileType = sourcecode.swift; path = TableView.swift; sourceTree = "<group>"; };
		46CA418E2B7EC82B0083F81C /* SingleEventView.swift */ = {isa = PBXFileReference; lastKnownFileType = sourcecode.swift; path = SingleEventView.swift; sourceTree = "<group>"; };
		52051D8E2CC1BCBF00B07A32 /* CoreUserModel.xcdatamodel */ = {isa = PBXFileReference; lastKnownFileType = wrapper.xcdatamodel; path = CoreUserModel.xcdatamodel; sourceTree = "<group>"; };
		521249D42CEFA21A00EB0364 /* QRCodeScannerView.swift */ = {isa = PBXFileReference; lastKnownFileType = sourcecode.swift; path = QRCodeScannerView.swift; sourceTree = "<group>"; };
		523C398D2B7DD0990019C353 /* AcademicInfoView.swift */ = {isa = PBXFileReference; lastKnownFileType = sourcecode.swift; path = AcademicInfoView.swift; sourceTree = "<group>"; };
		5256A4342B7C0AFF00DD21EE /* PersonalDetailsView.swift */ = {isa = PBXFileReference; lastKnownFileType = sourcecode.swift; path = PersonalDetailsView.swift; sourceTree = "<group>"; };
		528D72BD2B74648600702D0B /* RegisterView.swift */ = {isa = PBXFileReference; lastKnownFileType = sourcecode.swift; path = RegisterView.swift; sourceTree = "<group>"; };
		528D72BF2B74649900702D0B /* RegisterViewModel.swift */ = {isa = PBXFileReference; lastKnownFileType = sourcecode.swift; path = RegisterViewModel.swift; sourceTree = "<group>"; };
		52A67A582B91642D00D21F73 /* LandingPageView.swift */ = {isa = PBXFileReference; lastKnownFileType = sourcecode.swift; path = LandingPageView.swift; sourceTree = "<group>"; };
		53C7704D2B9A79EF00455FC5 /* ProfileView.swift */ = {isa = PBXFileReference; lastKnownFileType = sourcecode.swift; path = ProfileView.swift; sourceTree = "<group>"; };
		812F466E2DC5187B007D7125 /* GetPartners.graphql.swift */ = {isa = PBXFileReference; lastKnownFileType = sourcecode.swift; path = GetPartners.graphql.swift; sourceTree = "<group>"; };
		812F46722DC52744007D7125 /* GetPartnersQuery.graphql.swift */ = {isa = PBXFileReference; lastKnownFileType = sourcecode.swift; path = GetPartnersQuery.graphql.swift; sourceTree = "<group>"; };
		812F467C2DC6B3C1007D7125 /* Partner.graphql.swift */ = {isa = PBXFileReference; lastKnownFileType = sourcecode.swift; path = Partner.graphql.swift; sourceTree = "<group>"; };
		812F467E2DC70EB4007D7125 /* ID.swift */ = {isa = PBXFileReference; lastKnownFileType = sourcecode.swift; path = ID.swift; sourceTree = "<group>"; };
		816E38F22D63B5BB00320651 /* GuestCalendarView.swift */ = {isa = PBXFileReference; lastKnownFileType = sourcecode.swift; path = GuestCalendarView.swift; sourceTree = "<group>"; };
		816E38F42D63B5DC00320651 /* GuestPartnersView.swift */ = {isa = PBXFileReference; lastKnownFileType = sourcecode.swift; path = GuestPartnersView.swift; sourceTree = "<group>"; };
		816E38F82D75FED300320651 /* GuestCalendarContainerView.swift */ = {isa = PBXFileReference; lastKnownFileType = sourcecode.swift; path = GuestCalendarContainerView.swift; sourceTree = "<group>"; };
		816E38FA2D76632F00320651 /* GuestPageContentView.swift */ = {isa = PBXFileReference; lastKnownFileType = sourcecode.swift; path = GuestPageContentView.swift; sourceTree = "<group>"; };
		816E394E2D7F52E400320651 /* AboutUsView.swift */ = {isa = PBXFileReference; lastKnownFileType = sourcecode.swift; path = AboutUsView.swift; sourceTree = "<group>"; };
		816E394F2D7F52E400320651 /* InstagramPost.swift */ = {isa = PBXFileReference; lastKnownFileType = sourcecode.swift; path = InstagramPost.swift; sourceTree = "<group>"; };
		816E39502D7F52E400320651 /* InstagramPostView.swift */ = {isa = PBXFileReference; lastKnownFileType = sourcecode.swift; path = InstagramPostView.swift; sourceTree = "<group>"; };
		816E39512D7F52E400320651 /* MissionStatementView.swift */ = {isa = PBXFileReference; lastKnownFileType = sourcecode.swift; path = MissionStatementView.swift; sourceTree = "<group>"; };
		816E39522D7F52E400320651 /* PostCarousel.swift */ = {isa = PBXFileReference; lastKnownFileType = sourcecode.swift; path = PostCarousel.swift; sourceTree = "<group>"; };
		816E39532D7F52E400320651 /* QuoteView.swift */ = {isa = PBXFileReference; lastKnownFileType = sourcecode.swift; path = QuoteView.swift; sourceTree = "<group>"; };
		9506F5C12CAF4B4100C11AC9 /* QRCodeScanner.swift */ = {isa = PBXFileReference; lastKnownFileType = sourcecode.swift; path = QRCodeScanner.swift; sourceTree = "<group>"; };
		951F6E7D2BB265D3001FDB50 /* DataManager.swift */ = {isa = PBXFileReference; fileEncoding = 4; lastKnownFileType = sourcecode.swift; path = DataManager.swift; sourceTree = "<group>"; };
		951F6E8B2BB3BD69001FDB50 /* ProfileViewModel.swift */ = {isa = PBXFileReference; lastKnownFileType = sourcecode.swift; path = ProfileViewModel.swift; sourceTree = "<group>"; };
		951F6E8D2BB5E6C2001FDB50 /* SignIn.graphql.swift */ = {isa = PBXFileReference; lastKnownFileType = sourcecode.swift; path = SignIn.graphql.swift; sourceTree = "<group>"; };
		951F6E8F2BB5EC58001FDB50 /* EditUserProfile.graphql.swift */ = {isa = PBXFileReference; lastKnownFileType = sourcecode.swift; path = EditUserProfile.graphql.swift; sourceTree = "<group>"; };
		951F6EBC2BB65E1F001FDB50 /* CoreFunctions.swift */ = {isa = PBXFileReference; lastKnownFileType = sourcecode.swift; path = CoreFunctions.swift; sourceTree = "<group>"; };
		951F6EBF2BB669DF001FDB50 /* ImageHelper.swift */ = {isa = PBXFileReference; lastKnownFileType = sourcecode.swift; path = ImageHelper.swift; sourceTree = "<group>"; };
		951F6ED02BB68A1D001FDB50 /* LaunchScreen.storyboard */ = {isa = PBXFileReference; lastKnownFileType = file.storyboard; path = LaunchScreen.storyboard; sourceTree = "<group>"; };
		951F6ED82BB69806001FDB50 /* GetUsers.graphql.swift */ = {isa = PBXFileReference; lastKnownFileType = sourcecode.swift; path = GetUsers.graphql.swift; sourceTree = "<group>"; };
		951F6F162BB84D28001FDB50 /* GetUserEvents.graphql.swift */ = {isa = PBXFileReference; lastKnownFileType = sourcecode.swift; path = GetUserEvents.graphql.swift; sourceTree = "<group>"; };
		951F6F1D2BB8B134001FDB50 /* TextFieldHelper.swift */ = {isa = PBXFileReference; lastKnownFileType = sourcecode.swift; path = TextFieldHelper.swift; sourceTree = "<group>"; };
		951F6F1F2BB8D766001FDB50 /* RedeemPoints.graphql.swift */ = {isa = PBXFileReference; lastKnownFileType = sourcecode.swift; path = RedeemPoints.graphql.swift; sourceTree = "<group>"; };
		9560D4A82D21F2EF002938CE /* LocationViewPopUp.swift */ = {isa = PBXFileReference; lastKnownFileType = sourcecode.swift; path = LocationViewPopUp.swift; sourceTree = "<group>"; };
		958A5DDB2B5864E400D1BAE4 /* RequestHandler.swift */ = {isa = PBXFileReference; lastKnownFileType = sourcecode.swift; path = RequestHandler.swift; sourceTree = "<group>"; };
		958A5E6B2B62108300D1BAE4 /* GetUserPoints.graphql.swift */ = {isa = PBXFileReference; lastKnownFileType = sourcecode.swift; path = GetUserPoints.graphql.swift; sourceTree = "<group>"; };
		958CB0252B9CE724002B83F9 /* SHPEUFAppViewModel.swift */ = {isa = PBXFileReference; lastKnownFileType = sourcecode.swift; path = SHPEUFAppViewModel.swift; sourceTree = "<group>"; };
		958CB02C2B9D79AD002B83F9 /* DataManager.swift */ = {isa = PBXFileReference; fileEncoding = 4; lastKnownFileType = sourcecode.swift; path = DataManager.swift; sourceTree = "<group>"; };
		958CB0322B9D7F93002B83F9 /* CheckCore.swift */ = {isa = PBXFileReference; lastKnownFileType = sourcecode.swift; path = CheckCore.swift; sourceTree = "<group>"; };
		958CB0342B9D8587002B83F9 /* CheckCoreViewModel.swift */ = {isa = PBXFileReference; lastKnownFileType = sourcecode.swift; path = CheckCoreViewModel.swift; sourceTree = "<group>"; };
		959BEA4E2BF45F4C0009789D /* DeleteUser.graphql.swift */ = {isa = PBXFileReference; lastKnownFileType = sourcecode.swift; path = DeleteUser.graphql.swift; sourceTree = "<group>"; };
		959BEA502BF461CD0009789D /* DeleteUserMutation.graphql.swift */ = {isa = PBXFileReference; fileEncoding = 4; lastKnownFileType = sourcecode.swift; path = DeleteUserMutation.graphql.swift; sourceTree = "<group>"; };
		959BEA512BF461CD0009789D /* EditUserProfileMutation.graphql.swift */ = {isa = PBXFileReference; fileEncoding = 4; lastKnownFileType = sourcecode.swift; path = EditUserProfileMutation.graphql.swift; sourceTree = "<group>"; };
		959BEA522BF461CD0009789D /* RedeemPointsMutation.graphql.swift */ = {isa = PBXFileReference; fileEncoding = 4; lastKnownFileType = sourcecode.swift; path = RedeemPointsMutation.graphql.swift; sourceTree = "<group>"; };
		959BEA532BF461CD0009789D /* RegisterUserMutation.graphql.swift */ = {isa = PBXFileReference; fileEncoding = 4; lastKnownFileType = sourcecode.swift; path = RegisterUserMutation.graphql.swift; sourceTree = "<group>"; };
		959BEA542BF461CD0009789D /* SignInMutation.graphql.swift */ = {isa = PBXFileReference; fileEncoding = 4; lastKnownFileType = sourcecode.swift; path = SignInMutation.graphql.swift; sourceTree = "<group>"; };
		959BEA562BF461CD0009789D /* GetPercentilesQuery.graphql.swift */ = {isa = PBXFileReference; fileEncoding = 4; lastKnownFileType = sourcecode.swift; path = GetPercentilesQuery.graphql.swift; sourceTree = "<group>"; };
		959BEA572BF461CD0009789D /* GetPointsQuery.graphql.swift */ = {isa = PBXFileReference; fileEncoding = 4; lastKnownFileType = sourcecode.swift; path = GetPointsQuery.graphql.swift; sourceTree = "<group>"; };
		959BEA582BF461CD0009789D /* GetUserEventsQuery.graphql.swift */ = {isa = PBXFileReference; fileEncoding = 4; lastKnownFileType = sourcecode.swift; path = GetUserEventsQuery.graphql.swift; sourceTree = "<group>"; };
		959BEA592BF461CD0009789D /* GetUserPointsQuery.graphql.swift */ = {isa = PBXFileReference; fileEncoding = 4; lastKnownFileType = sourcecode.swift; path = GetUserPointsQuery.graphql.swift; sourceTree = "<group>"; };
		959BEA5A2BF461CD0009789D /* GetUsersQuery.graphql.swift */ = {isa = PBXFileReference; fileEncoding = 4; lastKnownFileType = sourcecode.swift; path = GetUsersQuery.graphql.swift; sourceTree = "<group>"; };
		959BEA5D2BF461CD0009789D /* EditUserProfileInput.graphql.swift */ = {isa = PBXFileReference; fileEncoding = 4; lastKnownFileType = sourcecode.swift; path = EditUserProfileInput.graphql.swift; sourceTree = "<group>"; };
		959BEA5E2BF461CD0009789D /* RedeemPointsInput.graphql.swift */ = {isa = PBXFileReference; fileEncoding = 4; lastKnownFileType = sourcecode.swift; path = RedeemPointsInput.graphql.swift; sourceTree = "<group>"; };
		959BEA5F2BF461CD0009789D /* RegisterInput.graphql.swift */ = {isa = PBXFileReference; fileEncoding = 4; lastKnownFileType = sourcecode.swift; path = RegisterInput.graphql.swift; sourceTree = "<group>"; };
		959BEA612BF461CD0009789D /* Event.graphql.swift */ = {isa = PBXFileReference; fileEncoding = 4; lastKnownFileType = sourcecode.swift; path = Event.graphql.swift; sourceTree = "<group>"; };
		959BEA622BF461CD0009789D /* Mutation.graphql.swift */ = {isa = PBXFileReference; fileEncoding = 4; lastKnownFileType = sourcecode.swift; path = Mutation.graphql.swift; sourceTree = "<group>"; };
		959BEA632BF461CD0009789D /* Query.graphql.swift */ = {isa = PBXFileReference; fileEncoding = 4; lastKnownFileType = sourcecode.swift; path = Query.graphql.swift; sourceTree = "<group>"; };
		959BEA642BF461CD0009789D /* User.graphql.swift */ = {isa = PBXFileReference; fileEncoding = 4; lastKnownFileType = sourcecode.swift; path = User.graphql.swift; sourceTree = "<group>"; };
		959BEA662BF461CD0009789D /* SchemaConfiguration.swift */ = {isa = PBXFileReference; fileEncoding = 4; lastKnownFileType = sourcecode.swift; path = SchemaConfiguration.swift; sourceTree = "<group>"; };
		959BEA672BF461CD0009789D /* SchemaMetadata.graphql.swift */ = {isa = PBXFileReference; fileEncoding = 4; lastKnownFileType = sourcecode.swift; path = SchemaMetadata.graphql.swift; sourceTree = "<group>"; };
		959BEA692BF461CD0009789D /* SHPESchema.graphql.swift */ = {isa = PBXFileReference; fileEncoding = 4; lastKnownFileType = sourcecode.swift; path = SHPESchema.graphql.swift; sourceTree = "<group>"; };
		95D326FF2B8FED87002A7DDA /* Event.swift */ = {isa = PBXFileReference; fileEncoding = 4; lastKnownFileType = sourcecode.swift; path = Event.swift; sourceTree = "<group>"; };
		95D370852B64702E00B2C5A4 /* RegisterUser.graphql.swift */ = {isa = PBXFileReference; fileEncoding = 4; lastKnownFileType = sourcecode.swift; path = RegisterUser.graphql.swift; sourceTree = "<group>"; };
		95D370982B64732000B2C5A4 /* GetPercentiles.graphql.swift */ = {isa = PBXFileReference; lastKnownFileType = sourcecode.swift; path = GetPercentiles.graphql.swift; sourceTree = "<group>"; };
		95D3709C2B64737A00B2C5A4 /* GetPoints.graphql.swift */ = {isa = PBXFileReference; lastKnownFileType = sourcecode.swift; path = GetPoints.graphql.swift; sourceTree = "<group>"; };
		B819E5DE2D17E1E8005046DC /* MapManager.swift */ = {isa = PBXFileReference; lastKnownFileType = sourcecode.swift; path = MapManager.swift; sourceTree = "<group>"; };
		B8264CEE2BAE5D4B005CED1B /* Constants.swift */ = {isa = PBXFileReference; lastKnownFileType = sourcecode.swift; path = Constants.swift; sourceTree = "<group>"; };
		B8264CF02BAE5E07005CED1B /* DateHelper.swift */ = {isa = PBXFileReference; lastKnownFileType = sourcecode.swift; path = DateHelper.swift; sourceTree = "<group>"; };
		B8A10DA22B7F1A7D006BC59D /* NotificationView.swift */ = {isa = PBXFileReference; lastKnownFileType = sourcecode.swift; path = NotificationView.swift; sourceTree = "<group>"; };
		B8A10DA42B817793006BC59D /* NotificationViewModel.swift */ = {isa = PBXFileReference; lastKnownFileType = sourcecode.swift; path = NotificationViewModel.swift; sourceTree = "<group>"; };
		B8CD7F732B758E2C00F05DBA /* HomePageContentView.swift */ = {isa = PBXFileReference; lastKnownFileType = sourcecode.swift; path = HomePageContentView.swift; sourceTree = "<group>"; };
		B8CD7F752B75A9E800F05DBA /* Event.swift */ = {isa = PBXFileReference; lastKnownFileType = sourcecode.swift; path = Event.swift; sourceTree = "<group>"; };
		B8DCB9452D160F4200602068 /* EventInfoView.swift */ = {isa = PBXFileReference; lastKnownFileType = sourcecode.swift; path = EventInfoView.swift; sourceTree = "<group>"; };
		B8DCB9472D1610EE00602068 /* EventBox.swift */ = {isa = PBXFileReference; lastKnownFileType = sourcecode.swift; path = EventBox.swift; sourceTree = "<group>"; };
		B8DCB94D2D161ED600602068 /* LocationView.swift */ = {isa = PBXFileReference; lastKnownFileType = sourcecode.swift; path = LocationView.swift; sourceTree = "<group>"; };
		B8DCB9512D16394E00602068 /* MTPlacemark.swift */ = {isa = PBXFileReference; lastKnownFileType = sourcecode.swift; path = MTPlacemark.swift; sourceTree = "<group>"; };
		B8DCB9532D16FC6800602068 /* LocationManager.swift */ = {isa = PBXFileReference; lastKnownFileType = sourcecode.swift; path = LocationManager.swift; sourceTree = "<group>"; };
		B8E3870B2D177D5800E9BBF0 /* LocationDetailView.swift */ = {isa = PBXFileReference; lastKnownFileType = sourcecode.swift; path = LocationDetailView.swift; sourceTree = "<group>"; };
		B8EF26FC2B8FB0B900F98FA2 /* Viga-Regular.ttf */ = {isa = PBXFileReference; lastKnownFileType = file; path = "Viga-Regular.ttf"; sourceTree = "<group>"; };
		B8EF26FE2B8FB40B00F98FA2 /* Info.plist */ = {isa = PBXFileReference; lastKnownFileType = text.plist; path = Info.plist; sourceTree = "<group>"; };
		B8EF27012B8FD25700F98FA2 /* UniversLTStd.otf */ = {isa = PBXFileReference; lastKnownFileType = file; path = UniversLTStd.otf; sourceTree = "<group>"; };
/* End PBXFileReference section */

/* Begin PBXFrameworksBuildPhase section */
		206C8F6F2AE181FF0081A35A /* Frameworks */ = {
			isa = PBXFrameworksBuildPhase;
			buildActionMask = 2147483647;
			files = (
				812F46772DC52D34007D7125 /* ApolloAPI in Frameworks */,
				9560D4A02D19BD73002938CE /* CodeScanner in Frameworks */,
				9560D4A32D19BD7B002938CE /* Apollo in Frameworks */,
			);
			runOnlyForDeploymentPostprocessing = 0;
		};
		206C8F7F2AE182020081A35A /* Frameworks */ = {
			isa = PBXFrameworksBuildPhase;
			buildActionMask = 2147483647;
			files = (
			);
			runOnlyForDeploymentPostprocessing = 0;
		};
		206C8F892AE182020081A35A /* Frameworks */ = {
			isa = PBXFrameworksBuildPhase;
			buildActionMask = 2147483647;
			files = (
			);
			runOnlyForDeploymentPostprocessing = 0;
		};
/* End PBXFrameworksBuildPhase section */

/* Begin PBXGroup section */
		206C8F692AE181FF0081A35A = {
			isa = PBXGroup;
			children = (
				951F6ED02BB68A1D001FDB50 /* LaunchScreen.storyboard */,
				959BEA6A2BF461CD0009789D /* SHPESchema */,
				958A5DC82B5850A900D1BAE4 /* GraphQL */,
				206C8F742AE181FF0081A35A /* SHPE-UF-Mobile-Swift */,
				206C8F852AE182020081A35A /* SHPE-UF-Mobile-SwiftTests */,
				206C8F8F2AE182020081A35A /* SHPE-UF-Mobile-SwiftUITests */,
				206C8F732AE181FF0081A35A /* Products */,
				958CB02A2B9D1239002B83F9 /* Recovered References */,
			);
			sourceTree = "<group>";
		};
		206C8F732AE181FF0081A35A /* Products */ = {
			isa = PBXGroup;
			children = (
				206C8F722AE181FF0081A35A /* SHPE-UF-Mobile-Swift.app */,
				206C8F822AE182020081A35A /* SHPE-UF-Mobile-SwiftTests.xctest */,
				206C8F8C2AE182020081A35A /* SHPE-UF-Mobile-SwiftUITests.xctest */,
			);
			name = Products;
			sourceTree = "<group>";
		};
		206C8F742AE181FF0081A35A /* SHPE-UF-Mobile-Swift */ = {
			isa = PBXGroup;
			children = (
				951F6EBE2BB669D1001FDB50 /* helpers */,
				951F6E792BB262C5001FDB50 /* coreData */,
				20CF4A1C2AE7423400916EC6 /* data */,
				20CF4A1D2AE7424100916EC6 /* ui */,
				206C8F752AE181FF0081A35A /* SHPE_UF_Mobile_SwiftApp.swift */,
				958CB0252B9CE724002B83F9 /* SHPEUFAppViewModel.swift */,
				206C8F772AE181FF0081A35A /* SHPEUFAppView.swift */,
				B8EF26FB2B8FB07000F98FA2 /* Font */,
				206C8F792AE182020081A35A /* Assets.xcassets */,
				B8EF26FE2B8FB40B00F98FA2 /* Info.plist */,
				206C8F7B2AE182020081A35A /* Preview Content */,
			);
			path = "SHPE-UF-Mobile-Swift";
			sourceTree = "<group>";
		};
		206C8F7B2AE182020081A35A /* Preview Content */ = {
			isa = PBXGroup;
			children = (
				206C8F7C2AE182020081A35A /* Preview Assets.xcassets */,
			);
			path = "Preview Content";
			sourceTree = "<group>";
		};
		206C8F852AE182020081A35A /* SHPE-UF-Mobile-SwiftTests */ = {
			isa = PBXGroup;
			children = (
				206C8F862AE182020081A35A /* SHPE_UF_Mobile_SwiftTests.swift */,
			);
			path = "SHPE-UF-Mobile-SwiftTests";
			sourceTree = "<group>";
		};
		206C8F8F2AE182020081A35A /* SHPE-UF-Mobile-SwiftUITests */ = {
			isa = PBXGroup;
			children = (
				206C8F902AE182020081A35A /* SHPE_UF_Mobile_SwiftUITests.swift */,
				206C8F922AE182020081A35A /* SHPE_UF_Mobile_SwiftUITestsLaunchTests.swift */,
			);
			path = "SHPE-UF-Mobile-SwiftUITests";
			sourceTree = "<group>";
		};
		206C8FA52AE18F720081A35A /* points */ = {
			isa = PBXGroup;
			children = (
				4632E4792B6B64000048782D /* PointsViewModel.swift */,
				20CF4A3B2AE747BC00916EC6 /* PointsView.swift */,
				521249D42CEFA21A00EB0364 /* QRCodeScannerView.swift */,
				46909E492B96952000E99274 /* PointsViewDark.swift */,
				4632E4732B6B575E0048782D /* PointsUI.swift */,
				4632E4752B6B57A00048782D /* RedeemPointsButton.swift */,
				4632E4772B6B57A80048782D /* RedeemView.swift */,
				462B6F492B7180AB00EB575C /* CircularProgessView.swift */,
				46909E4B2B96955100E99274 /* CircularProgressViewDark.swift */,
				46CA418C2B7EC7DB0083F81C /* TableView.swift */,
				46CA418E2B7EC82B0083F81C /* SingleEventView.swift */,
			);
			path = points;
			sourceTree = "<group>";
		};
		206C8FA62AE1929D0081A35A /* register */ = {
			isa = PBXGroup;
			children = (
				52A67A582B91642D00D21F73 /* LandingPageView.swift */,
				528D72BD2B74648600702D0B /* RegisterView.swift */,
				5256A4342B7C0AFF00DD21EE /* PersonalDetailsView.swift */,
				523C398D2B7DD0990019C353 /* AcademicInfoView.swift */,
				528D72BF2B74649900702D0B /* RegisterViewModel.swift */,
			);
			path = register;
			sourceTree = "<group>";
		};
		20CF4A1C2AE7423400916EC6 /* data */ = {
			isa = PBXGroup;
			children = (
				20CF4A252AE7449E00916EC6 /* Models */,
				20CF4A222AE7443D00916EC6 /* database */,
				20CF4A1E2AE743E000916EC6 /* auth */,
			);
			path = data;
			sourceTree = "<group>";
		};
		20CF4A1D2AE7424100916EC6 /* ui */ = {
			isa = PBXGroup;
			children = (
				9506F5BF2CAF4B1900C11AC9 /* utilities */,
				20CF4A292AE7467300916EC6 /* pages */,
			);
			path = ui;
			sourceTree = "<group>";
		};
		20CF4A1E2AE743E000916EC6 /* auth */ = {
			isa = PBXGroup;
			children = (
				20CF4A202AE7441700916EC6 /* SignIn.swift */,
			);
			path = auth;
			sourceTree = "<group>";
		};
		20CF4A222AE7443D00916EC6 /* database */ = {
			isa = PBXGroup;
			children = (
				20CF4A232AE7446500916EC6 /* MongoDB.swift */,
			);
			path = database;
			sourceTree = "<group>";
		};
		20CF4A252AE7449E00916EC6 /* Models */ = {
			isa = PBXGroup;
			children = (
				95D326FF2B8FED87002A7DDA /* Event.swift */,
				4632E47B2B6B64170048782D /* SHPEito.swift */,
				46909DF92B96907D00E99274 /* UserEvent.swift */,
			);
			path = Models;
			sourceTree = "<group>";
		};
		20CF4A282AE7466400916EC6 /* home */ = {
			isa = PBXGroup;
			children = (
				B8DCB94A2D161EB800602068 /* Map View */,
				B8264CEC2BAE5C30005CED1B /* Main View */,
				B8264CED2BAE5C56005CED1B /* Notifcation View */,
			);
			path = home;
			sourceTree = "<group>";
		};
		20CF4A292AE7467300916EC6 /* pages */ = {
			isa = PBXGroup;
			children = (
				816E38E82D5EF7D100320651 /* guest */,
				53C7704C2B9A79BF00455FC5 /* profile */,
				958CB0312B9D7F62002B83F9 /* startup */,
				206C8FA62AE1929D0081A35A /* register */,
				20CF4A2A2AE746CE00916EC6 /* signIn */,
				20CF4A282AE7466400916EC6 /* home */,
				206C8FA52AE18F720081A35A /* points */,
			);
			path = pages;
			sourceTree = "<group>";
		};
		20CF4A2A2AE746CE00916EC6 /* signIn */ = {
			isa = PBXGroup;
			children = (
				20CF4A2F2AE7475500916EC6 /* SignInView.swift */,
				20CF4A3F2AE7480500916EC6 /* SignInViewModel.swift */,
			);
			path = signIn;
			sourceTree = "<group>";
		};
		53C7704C2B9A79BF00455FC5 /* profile */ = {
			isa = PBXGroup;
			children = (
				53C7704D2B9A79EF00455FC5 /* ProfileView.swift */,
				951F6E8B2BB3BD69001FDB50 /* ProfileViewModel.swift */,
			);
			path = profile;
			sourceTree = "<group>";
		};
		812F467F2DC70EB4007D7125 /* CustomScalars */ = {
			isa = PBXGroup;
			children = (
				812F467E2DC70EB4007D7125 /* ID.swift */,
			);
			path = CustomScalars;
			sourceTree = "<group>";
		};
		816E38E82D5EF7D100320651 /* guest */ = {
			isa = PBXGroup;
			children = (
				816E394D2D7F52B100320651 /* aboutUs */,
				816E38FA2D76632F00320651 /* GuestPageContentView.swift */,
				816E38F82D75FED300320651 /* GuestCalendarContainerView.swift */,
				816E38F42D63B5DC00320651 /* GuestPartnersView.swift */,
				816E38F22D63B5BB00320651 /* GuestCalendarView.swift */,
			);
			path = guest;
			sourceTree = "<group>";
		};
		816E394D2D7F52B100320651 /* aboutUs */ = {
			isa = PBXGroup;
			children = (
				816E394E2D7F52E400320651 /* AboutUsView.swift */,
				816E394F2D7F52E400320651 /* InstagramPost.swift */,
				816E39502D7F52E400320651 /* InstagramPostView.swift */,
				816E39512D7F52E400320651 /* MissionStatementView.swift */,
				816E39522D7F52E400320651 /* PostCarousel.swift */,
				816E39532D7F52E400320651 /* QuoteView.swift */,
			);
			path = aboutUs;
			sourceTree = "<group>";
		};
		9506F5BF2CAF4B1900C11AC9 /* utilities */ = {
			isa = PBXGroup;
			children = (
				9506F5C02CAF4B2700C11AC9 /* camera */,
			);
			path = utilities;
			sourceTree = "<group>";
		};
		9506F5C02CAF4B2700C11AC9 /* camera */ = {
			isa = PBXGroup;
			children = (
				9506F5C12CAF4B4100C11AC9 /* QRCodeScanner.swift */,
			);
			path = camera;
			sourceTree = "<group>";
		};
		951F6E792BB262C5001FDB50 /* coreData */ = {
			isa = PBXGroup;
			children = (
				951F6E7D2BB265D3001FDB50 /* DataManager.swift */,
				52051D8D2CC1BCBF00B07A32 /* CoreUserModel.xcdatamodeld */,
				951F6EBC2BB65E1F001FDB50 /* CoreFunctions.swift */,
			);
			path = coreData;
			sourceTree = "<group>";
		};
		951F6EBE2BB669D1001FDB50 /* helpers */ = {
			isa = PBXGroup;
			children = (
				951F6EBF2BB669DF001FDB50 /* ImageHelper.swift */,
				951F6F1D2BB8B134001FDB50 /* TextFieldHelper.swift */,
			);
			path = helpers;
			sourceTree = "<group>";
		};
		958A5DC82B5850A900D1BAE4 /* GraphQL */ = {
			isa = PBXGroup;
			children = (
				958A5DDB2B5864E400D1BAE4 /* RequestHandler.swift */,
				95D3709C2B64737A00B2C5A4 /* GetPoints.graphql.swift */,
				95D370852B64702E00B2C5A4 /* RegisterUser.graphql.swift */,
				958A5E6B2B62108300D1BAE4 /* GetUserPoints.graphql.swift */,
				95D370982B64732000B2C5A4 /* GetPercentiles.graphql.swift */,
				951F6E8D2BB5E6C2001FDB50 /* SignIn.graphql.swift */,
				951F6F162BB84D28001FDB50 /* GetUserEvents.graphql.swift */,
				951F6E8F2BB5EC58001FDB50 /* EditUserProfile.graphql.swift */,
				951F6ED82BB69806001FDB50 /* GetUsers.graphql.swift */,
				951F6F1F2BB8D766001FDB50 /* RedeemPoints.graphql.swift */,
				959BEA4E2BF45F4C0009789D /* DeleteUser.graphql.swift */,
				812F466E2DC5187B007D7125 /* GetPartners.graphql.swift */,
			);
			path = GraphQL;
			sourceTree = "<group>";
		};
		958CB02A2B9D1239002B83F9 /* Recovered References */ = {
			isa = PBXGroup;
			children = (
				B8CD7F752B75A9E800F05DBA /* Event.swift */,
				958CB02C2B9D79AD002B83F9 /* DataManager.swift */,
			);
			name = "Recovered References";
			sourceTree = "<group>";
		};
		958CB0312B9D7F62002B83F9 /* startup */ = {
			isa = PBXGroup;
			children = (
				958CB0322B9D7F93002B83F9 /* CheckCore.swift */,
				958CB0342B9D8587002B83F9 /* CheckCoreViewModel.swift */,
			);
			path = startup;
			sourceTree = "<group>";
		};
		959BEA552BF461CD0009789D /* Mutations */ = {
			isa = PBXGroup;
			children = (
				959BEA502BF461CD0009789D /* DeleteUserMutation.graphql.swift */,
				959BEA512BF461CD0009789D /* EditUserProfileMutation.graphql.swift */,
				959BEA522BF461CD0009789D /* RedeemPointsMutation.graphql.swift */,
				959BEA532BF461CD0009789D /* RegisterUserMutation.graphql.swift */,
				959BEA542BF461CD0009789D /* SignInMutation.graphql.swift */,
			);
			path = Mutations;
			sourceTree = "<group>";
		};
		959BEA5B2BF461CD0009789D /* Queries */ = {
			isa = PBXGroup;
			children = (
				959BEA562BF461CD0009789D /* GetPercentilesQuery.graphql.swift */,
				959BEA572BF461CD0009789D /* GetPointsQuery.graphql.swift */,
				959BEA582BF461CD0009789D /* GetUserEventsQuery.graphql.swift */,
				959BEA592BF461CD0009789D /* GetUserPointsQuery.graphql.swift */,
				959BEA5A2BF461CD0009789D /* GetUsersQuery.graphql.swift */,
				812F46722DC52744007D7125 /* GetPartnersQuery.graphql.swift */,
			);
			path = Queries;
			sourceTree = "<group>";
		};
		959BEA5C2BF461CD0009789D /* Operations */ = {
			isa = PBXGroup;
			children = (
				959BEA552BF461CD0009789D /* Mutations */,
				959BEA5B2BF461CD0009789D /* Queries */,
			);
			path = Operations;
			sourceTree = "<group>";
		};
		959BEA602BF461CD0009789D /* InputObjects */ = {
			isa = PBXGroup;
			children = (
				959BEA5D2BF461CD0009789D /* EditUserProfileInput.graphql.swift */,
				959BEA5E2BF461CD0009789D /* RedeemPointsInput.graphql.swift */,
				959BEA5F2BF461CD0009789D /* RegisterInput.graphql.swift */,
			);
			path = InputObjects;
			sourceTree = "<group>";
		};
		959BEA652BF461CD0009789D /* Objects */ = {
			isa = PBXGroup;
			children = (
				959BEA612BF461CD0009789D /* Event.graphql.swift */,
				812F467C2DC6B3C1007D7125 /* Partner.graphql.swift */,
				959BEA622BF461CD0009789D /* Mutation.graphql.swift */,
				959BEA632BF461CD0009789D /* Query.graphql.swift */,
				959BEA642BF461CD0009789D /* User.graphql.swift */,
			);
			path = Objects;
			sourceTree = "<group>";
		};
		959BEA682BF461CD0009789D /* Schema */ = {
			isa = PBXGroup;
			children = (
				959BEA602BF461CD0009789D /* InputObjects */,
				959BEA652BF461CD0009789D /* Objects */,
				959BEA662BF461CD0009789D /* SchemaConfiguration.swift */,
				959BEA672BF461CD0009789D /* SchemaMetadata.graphql.swift */,
				812F467F2DC70EB4007D7125 /* CustomScalars */,
			);
			path = Schema;
			sourceTree = "<group>";
		};
		959BEA6A2BF461CD0009789D /* SHPESchema */ = {
			isa = PBXGroup;
			children = (
				959BEA5C2BF461CD0009789D /* Operations */,
				959BEA682BF461CD0009789D /* Schema */,
				959BEA692BF461CD0009789D /* SHPESchema.graphql.swift */,
			);
			path = SHPESchema;
			sourceTree = "<group>";
		};
		B8264CEC2BAE5C30005CED1B /* Main View */ = {
			isa = PBXGroup;
			children = (
				B8DCB9472D1610EE00602068 /* EventBox.swift */,
				B8DCB9452D160F4200602068 /* EventInfoView.swift */,
				B8CD7F732B758E2C00F05DBA /* HomePageContentView.swift */,
				B8264CEE2BAE5D4B005CED1B /* Constants.swift */,
				B8264CF02BAE5E07005CED1B /* DateHelper.swift */,
				20CF4A3D2AE747E900916EC6 /* HomeView.swift */,
				20CF4A352AE7478400916EC6 /* HomeViewModel.swift */,
			);
			path = "Main View";
			sourceTree = "<group>";
		};
		B8264CED2BAE5C56005CED1B /* Notifcation View */ = {
			isa = PBXGroup;
			children = (
				B8A10DA22B7F1A7D006BC59D /* NotificationView.swift */,
				B8A10DA42B817793006BC59D /* NotificationViewModel.swift */,
			);
			path = "Notifcation View";
			sourceTree = "<group>";
		};
		B8DCB94A2D161EB800602068 /* Map View */ = {
			isa = PBXGroup;
			children = (
				B819E5DE2D17E1E8005046DC /* MapManager.swift */,
				B8E3870B2D177D5800E9BBF0 /* LocationDetailView.swift */,
				B8DCB9532D16FC6800602068 /* LocationManager.swift */,
				B8DCB9512D16394E00602068 /* MTPlacemark.swift */,
				B8DCB94D2D161ED600602068 /* LocationView.swift */,
				9560D4A82D21F2EF002938CE /* LocationViewPopUp.swift */,
			);
			path = "Map View";
			sourceTree = "<group>";
		};
		B8EF26FB2B8FB07000F98FA2 /* Font */ = {
			isa = PBXGroup;
			children = (
				B8EF27012B8FD25700F98FA2 /* UniversLTStd.otf */,
				B8EF26FC2B8FB0B900F98FA2 /* Viga-Regular.ttf */,
			);
			path = Font;
			sourceTree = "<group>";
		};
/* End PBXGroup section */

/* Begin PBXNativeTarget section */
		206C8F712AE181FF0081A35A /* SHPE-UF-Mobile-Swift */ = {
			isa = PBXNativeTarget;
			buildConfigurationList = 206C8F962AE182020081A35A /* Build configuration list for PBXNativeTarget "SHPE-UF-Mobile-Swift" */;
			buildPhases = (
				206C8F6E2AE181FF0081A35A /* Sources */,
				206C8F6F2AE181FF0081A35A /* Frameworks */,
				206C8F702AE181FF0081A35A /* Resources */,
			);
			buildRules = (
			);
			dependencies = (
			);
			name = "SHPE-UF-Mobile-Swift";
			packageProductDependencies = (
				9560D49F2D19BD73002938CE /* CodeScanner */,
				9560D4A22D19BD7B002938CE /* Apollo */,
				812F46762DC52D34007D7125 /* ApolloAPI */,
			);
			productName = "SHPE-UF-Mobile-Swift";
			productReference = 206C8F722AE181FF0081A35A /* SHPE-UF-Mobile-Swift.app */;
			productType = "com.apple.product-type.application";
		};
		206C8F812AE182020081A35A /* SHPE-UF-Mobile-SwiftTests */ = {
			isa = PBXNativeTarget;
			buildConfigurationList = 206C8F992AE182020081A35A /* Build configuration list for PBXNativeTarget "SHPE-UF-Mobile-SwiftTests" */;
			buildPhases = (
				206C8F7E2AE182020081A35A /* Sources */,
				206C8F7F2AE182020081A35A /* Frameworks */,
				206C8F802AE182020081A35A /* Resources */,
			);
			buildRules = (
			);
			dependencies = (
				206C8F842AE182020081A35A /* PBXTargetDependency */,
			);
			name = "SHPE-UF-Mobile-SwiftTests";
			productName = "SHPE-UF-Mobile-SwiftTests";
			productReference = 206C8F822AE182020081A35A /* SHPE-UF-Mobile-SwiftTests.xctest */;
			productType = "com.apple.product-type.bundle.unit-test";
		};
		206C8F8B2AE182020081A35A /* SHPE-UF-Mobile-SwiftUITests */ = {
			isa = PBXNativeTarget;
			buildConfigurationList = 206C8F9C2AE182020081A35A /* Build configuration list for PBXNativeTarget "SHPE-UF-Mobile-SwiftUITests" */;
			buildPhases = (
				206C8F882AE182020081A35A /* Sources */,
				206C8F892AE182020081A35A /* Frameworks */,
				206C8F8A2AE182020081A35A /* Resources */,
			);
			buildRules = (
			);
			dependencies = (
				206C8F8E2AE182020081A35A /* PBXTargetDependency */,
			);
			name = "SHPE-UF-Mobile-SwiftUITests";
			productName = "SHPE-UF-Mobile-SwiftUITests";
			productReference = 206C8F8C2AE182020081A35A /* SHPE-UF-Mobile-SwiftUITests.xctest */;
			productType = "com.apple.product-type.bundle.ui-testing";
		};
/* End PBXNativeTarget section */

/* Begin PBXProject section */
		206C8F6A2AE181FF0081A35A /* Project object */ = {
			isa = PBXProject;
			attributes = {
				BuildIndependentTargetsInParallel = 1;
				LastSwiftUpdateCheck = 1500;
				LastUpgradeCheck = 1500;
				TargetAttributes = {
					206C8F712AE181FF0081A35A = {
						CreatedOnToolsVersion = 15.0;
					};
					206C8F812AE182020081A35A = {
						CreatedOnToolsVersion = 15.0;
						TestTargetID = 206C8F712AE181FF0081A35A;
					};
					206C8F8B2AE182020081A35A = {
						CreatedOnToolsVersion = 15.0;
						TestTargetID = 206C8F712AE181FF0081A35A;
					};
				};
			};
			buildConfigurationList = 206C8F6D2AE181FF0081A35A /* Build configuration list for PBXProject "SHPE-UF-Mobile-Swift" */;
			compatibilityVersion = "Xcode 14.0";
			developmentRegion = en;
			hasScannedForEncodings = 0;
			knownRegions = (
				en,
				Base,
			);
			mainGroup = 206C8F692AE181FF0081A35A;
			packageReferences = (
				9560D49E2D19BD73002938CE /* XCRemoteSwiftPackageReference "CodeScanner" */,
				9560D4A12D19BD7B002938CE /* XCRemoteSwiftPackageReference "apollo-ios" */,
			);
			productRefGroup = 206C8F732AE181FF0081A35A /* Products */;
			projectDirPath = "";
			projectRoot = "";
			targets = (
				206C8F712AE181FF0081A35A /* SHPE-UF-Mobile-Swift */,
				206C8F812AE182020081A35A /* SHPE-UF-Mobile-SwiftTests */,
				206C8F8B2AE182020081A35A /* SHPE-UF-Mobile-SwiftUITests */,
			);
		};
/* End PBXProject section */

/* Begin PBXResourcesBuildPhase section */
		206C8F702AE181FF0081A35A /* Resources */ = {
			isa = PBXResourcesBuildPhase;
			buildActionMask = 2147483647;
			files = (
				951F6E902BB5EC58001FDB50 /* EditUserProfile.graphql.swift in Resources */,
				951F6F172BB84D28001FDB50 /* GetUserEvents.graphql.swift in Resources */,
				95D370992B64732000B2C5A4 /* GetPercentiles.graphql.swift in Resources */,
				958A5E6C2B62108300D1BAE4 /* GetUserPoints.graphql.swift in Resources */,
				951F6ED92BB69806001FDB50 /* GetUsers.graphql.swift in Resources */,
				B8EF27022B8FD25700F98FA2 /* UniversLTStd.otf in Resources */,
				B8EF26FD2B8FB0B900F98FA2 /* Viga-Regular.ttf in Resources */,
				959BEA4F2BF45F4C0009789D /* DeleteUser.graphql.swift in Resources */,
				95D3709D2B64737A00B2C5A4 /* GetPoints.graphql.swift in Resources */,
				206C8F7D2AE182020081A35A /* Preview Assets.xcassets in Resources */,
				951F6ED12BB68A1D001FDB50 /* LaunchScreen.storyboard in Resources */,
				206C8F7A2AE182020081A35A /* Assets.xcassets in Resources */,
				95D3708B2B64702F00B2C5A4 /* RegisterUser.graphql.swift in Resources */,
				951F6F202BB8D766001FDB50 /* RedeemPoints.graphql.swift in Resources */,
				951F6E8E2BB5E6C2001FDB50 /* SignIn.graphql.swift in Resources */,
				812F466F2DC5187B007D7125 /* GetPartners.graphql.swift in Resources */,
			);
			runOnlyForDeploymentPostprocessing = 0;
		};
		206C8F802AE182020081A35A /* Resources */ = {
			isa = PBXResourcesBuildPhase;
			buildActionMask = 2147483647;
			files = (
				958A5E6D2B62108300D1BAE4 /* GetUserPoints.graphql.swift in Resources */,
				95D3709A2B64732000B2C5A4 /* GetPercentiles.graphql.swift in Resources */,
				95D3708C2B64702F00B2C5A4 /* RegisterUser.graphql.swift in Resources */,
				95D3709E2B64737A00B2C5A4 /* GetPoints.graphql.swift in Resources */,
			);
			runOnlyForDeploymentPostprocessing = 0;
		};
		206C8F8A2AE182020081A35A /* Resources */ = {
			isa = PBXResourcesBuildPhase;
			buildActionMask = 2147483647;
			files = (
				958A5E6E2B62108300D1BAE4 /* GetUserPoints.graphql.swift in Resources */,
				95D3709B2B64732000B2C5A4 /* GetPercentiles.graphql.swift in Resources */,
				95D3708D2B64702F00B2C5A4 /* RegisterUser.graphql.swift in Resources */,
				95D3709F2B64737A00B2C5A4 /* GetPoints.graphql.swift in Resources */,
			);
			runOnlyForDeploymentPostprocessing = 0;
		};
/* End PBXResourcesBuildPhase section */

/* Begin PBXSourcesBuildPhase section */
		206C8F6E2AE181FF0081A35A /* Sources */ = {
			isa = PBXSourcesBuildPhase;
			buildActionMask = 2147483647;
			files = (
				9506F5C22CAF4B4100C11AC9 /* QRCodeScanner.swift in Sources */,
				528D72BE2B74648600702D0B /* RegisterView.swift in Sources */,
				52A67A592B91642D00D21F73 /* LandingPageView.swift in Sources */,
				528D72C02B74649900702D0B /* RegisterViewModel.swift in Sources */,
				816E39542D7F52E400320651 /* QuoteView.swift in Sources */,
				816E39552D7F52E400320651 /* AboutUsView.swift in Sources */,
				816E39562D7F52E400320651 /* InstagramPostView.swift in Sources */,
				816E39572D7F52E400320651 /* InstagramPost.swift in Sources */,
				816E39582D7F52E400320651 /* MissionStatementView.swift in Sources */,
				816E39592D7F52E400320651 /* PostCarousel.swift in Sources */,
				B819E5DF2D17E1EC005046DC /* MapManager.swift in Sources */,
				4632E4742B6B575E0048782D /* PointsUI.swift in Sources */,
				4632E4762B6B57A00048782D /* RedeemPointsButton.swift in Sources */,
				959BEA7C2BF461CD0009789D /* SchemaConfiguration.swift in Sources */,
				52051D8F2CC1BCBF00B07A32 /* CoreUserModel.xcdatamodeld in Sources */,
				959BEA6D2BF461CD0009789D /* RedeemPointsMutation.graphql.swift in Sources */,
				958CB0262B9CE724002B83F9 /* SHPEUFAppViewModel.swift in Sources */,
				816E38F52D63B5E800320651 /* GuestPartnersView.swift in Sources */,
				46909DFA2B96907D00E99274 /* UserEvent.swift in Sources */,
				958CB0352B9D8587002B83F9 /* CheckCoreViewModel.swift in Sources */,
				951F6EC02BB669DF001FDB50 /* ImageHelper.swift in Sources */,
				959BEA7E2BF461CD0009789D /* SHPESchema.graphql.swift in Sources */,
				46909E4C2B96955100E99274 /* CircularProgressViewDark.swift in Sources */,
				959BEA6B2BF461CD0009789D /* DeleteUserMutation.graphql.swift in Sources */,
				4632E47C2B6B64170048782D /* SHPEito.swift in Sources */,
				959BEA6E2BF461CD0009789D /* RegisterUserMutation.graphql.swift in Sources */,
				951F6F1E2BB8B134001FDB50 /* TextFieldHelper.swift in Sources */,
				959BEA742BF461CD0009789D /* GetUsersQuery.graphql.swift in Sources */,
				812F46802DC70EB4007D7125 /* ID.swift in Sources */,
				206C8F782AE181FF0081A35A /* SHPEUFAppView.swift in Sources */,
				816E38FB2D76633D00320651 /* GuestPageContentView.swift in Sources */,
				959BEA732BF461CD0009789D /* GetUserPointsQuery.graphql.swift in Sources */,
				20CF4A362AE7478400916EC6 /* HomeViewModel.swift in Sources */,
				5256A4352B7C0AFF00DD21EE /* PersonalDetailsView.swift in Sources */,
				959BEA6F2BF461CD0009789D /* SignInMutation.graphql.swift in Sources */,
				951F6EBD2BB65E1F001FDB50 /* CoreFunctions.swift in Sources */,
				20CF4A3E2AE747E900916EC6 /* HomeView.swift in Sources */,
				B8CD7F742B758E2C00F05DBA /* HomePageContentView.swift in Sources */,
				B8DCB9522D16395200602068 /* MTPlacemark.swift in Sources */,
				959BEA762BF461CD0009789D /* RedeemPointsInput.graphql.swift in Sources */,
				B8264CF12BAE5E07005CED1B /* DateHelper.swift in Sources */,
				959BEA702BF461CD0009789D /* GetPercentilesQuery.graphql.swift in Sources */,
				20CF4A212AE7441700916EC6 /* SignIn.swift in Sources */,
				958CB0332B9D7F93002B83F9 /* CheckCore.swift in Sources */,
				95D327002B8FED88002A7DDA /* Event.swift in Sources */,
				20CF4A402AE7480500916EC6 /* SignInViewModel.swift in Sources */,
				959BEA6C2BF461CD0009789D /* EditUserProfileMutation.graphql.swift in Sources */,
				959BEA7D2BF461CD0009789D /* SchemaMetadata.graphql.swift in Sources */,
				B8E3870C2D177D5F00E9BBF0 /* LocationDetailView.swift in Sources */,
				B8A10DA32B7F1A7D006BC59D /* NotificationView.swift in Sources */,
				20CF4A3C2AE747BC00916EC6 /* PointsView.swift in Sources */,
				46909E4A2B96952000E99274 /* PointsViewDark.swift in Sources */,
				816E38F32D63B5C400320651 /* GuestCalendarView.swift in Sources */,
				B8DCB9482D1610F300602068 /* EventBox.swift in Sources */,
				959BEA772BF461CD0009789D /* RegisterInput.graphql.swift in Sources */,
				462B6F4A2B7180AB00EB575C /* CircularProgessView.swift in Sources */,
				B8DCB9462D160F4800602068 /* EventInfoView.swift in Sources */,
				951F6E8C2BB3BD69001FDB50 /* ProfileViewModel.swift in Sources */,
				959BEA752BF461CD0009789D /* EditUserProfileInput.graphql.swift in Sources */,
				46CA418F2B7EC82B0083F81C /* SingleEventView.swift in Sources */,
				951F6E7E2BB265D3001FDB50 /* DataManager.swift in Sources */,
				20CF4A242AE7446500916EC6 /* MongoDB.swift in Sources */,
				812F467D2DC6B3C1007D7125 /* Partner.graphql.swift in Sources */,
				959BEA7B2BF461CD0009789D /* User.graphql.swift in Sources */,
				B8DCB9542D16FC8200602068 /* LocationManager.swift in Sources */,
				53C7704E2B9A79EF00455FC5 /* ProfileView.swift in Sources */,
				B8A10DA52B817793006BC59D /* NotificationViewModel.swift in Sources */,
				959BEA782BF461CD0009789D /* Event.graphql.swift in Sources */,
				4632E4782B6B57A80048782D /* RedeemView.swift in Sources */,
				9560D4A92D21F2EF002938CE /* LocationViewPopUp.swift in Sources */,
				4632E47A2B6B64000048782D /* PointsViewModel.swift in Sources */,
				521249D52CEFA22600EB0364 /* QRCodeScannerView.swift in Sources */,
				206C8F762AE181FF0081A35A /* SHPE_UF_Mobile_SwiftApp.swift in Sources */,
				B8DCB94E2D161EE000602068 /* LocationView.swift in Sources */,
				46CA418D2B7EC7DB0083F81C /* TableView.swift in Sources */,
				958A5DDC2B5864E400D1BAE4 /* RequestHandler.swift in Sources */,
				959BEA712BF461CD0009789D /* GetPointsQuery.graphql.swift in Sources */,
				20CF4A302AE7475500916EC6 /* SignInView.swift in Sources */,
				959BEA792BF461CD0009789D /* Mutation.graphql.swift in Sources */,
				B8264CEF2BAE5D4B005CED1B /* Constants.swift in Sources */,
				816E38F92D75FEDF00320651 /* GuestCalendarContainerView.swift in Sources */,
				812F46752DC52744007D7125 /* GetPartnersQuery.graphql.swift in Sources */,
				959BEA722BF461CD0009789D /* GetUserEventsQuery.graphql.swift in Sources */,
				523C398E2B7DD0990019C353 /* AcademicInfoView.swift in Sources */,
				959BEA7A2BF461CD0009789D /* Query.graphql.swift in Sources */,
			);
			runOnlyForDeploymentPostprocessing = 0;
		};
		206C8F7E2AE182020081A35A /* Sources */ = {
			isa = PBXSourcesBuildPhase;
			buildActionMask = 2147483647;
			files = (
				206C8F872AE182020081A35A /* SHPE_UF_Mobile_SwiftTests.swift in Sources */,
			);
			runOnlyForDeploymentPostprocessing = 0;
		};
		206C8F882AE182020081A35A /* Sources */ = {
			isa = PBXSourcesBuildPhase;
			buildActionMask = 2147483647;
			files = (
				206C8F912AE182020081A35A /* SHPE_UF_Mobile_SwiftUITests.swift in Sources */,
				206C8F932AE182020081A35A /* SHPE_UF_Mobile_SwiftUITestsLaunchTests.swift in Sources */,
			);
			runOnlyForDeploymentPostprocessing = 0;
		};
/* End PBXSourcesBuildPhase section */

/* Begin PBXTargetDependency section */
		206C8F842AE182020081A35A /* PBXTargetDependency */ = {
			isa = PBXTargetDependency;
			target = 206C8F712AE181FF0081A35A /* SHPE-UF-Mobile-Swift */;
			targetProxy = 206C8F832AE182020081A35A /* PBXContainerItemProxy */;
		};
		206C8F8E2AE182020081A35A /* PBXTargetDependency */ = {
			isa = PBXTargetDependency;
			target = 206C8F712AE181FF0081A35A /* SHPE-UF-Mobile-Swift */;
			targetProxy = 206C8F8D2AE182020081A35A /* PBXContainerItemProxy */;
		};
/* End PBXTargetDependency section */

/* Begin XCBuildConfiguration section */
		206C8F942AE182020081A35A /* Debug */ = {
			isa = XCBuildConfiguration;
			buildSettings = {
				ALWAYS_SEARCH_USER_PATHS = NO;
				ASSETCATALOG_COMPILER_GENERATE_SWIFT_ASSET_SYMBOL_EXTENSIONS = YES;
				CLANG_ANALYZER_NONNULL = YES;
				CLANG_ANALYZER_NUMBER_OBJECT_CONVERSION = YES_AGGRESSIVE;
				CLANG_CXX_LANGUAGE_STANDARD = "gnu++20";
				CLANG_ENABLE_MODULES = YES;
				CLANG_ENABLE_OBJC_ARC = YES;
				CLANG_ENABLE_OBJC_WEAK = YES;
				CLANG_WARN_BLOCK_CAPTURE_AUTORELEASING = YES;
				CLANG_WARN_BOOL_CONVERSION = YES;
				CLANG_WARN_COMMA = YES;
				CLANG_WARN_CONSTANT_CONVERSION = YES;
				CLANG_WARN_DEPRECATED_OBJC_IMPLEMENTATIONS = YES;
				CLANG_WARN_DIRECT_OBJC_ISA_USAGE = YES_ERROR;
				CLANG_WARN_DOCUMENTATION_COMMENTS = YES;
				CLANG_WARN_EMPTY_BODY = YES;
				CLANG_WARN_ENUM_CONVERSION = YES;
				CLANG_WARN_INFINITE_RECURSION = YES;
				CLANG_WARN_INT_CONVERSION = YES;
				CLANG_WARN_NON_LITERAL_NULL_CONVERSION = YES;
				CLANG_WARN_OBJC_IMPLICIT_RETAIN_SELF = YES;
				CLANG_WARN_OBJC_LITERAL_CONVERSION = YES;
				CLANG_WARN_OBJC_ROOT_CLASS = YES_ERROR;
				CLANG_WARN_QUOTED_INCLUDE_IN_FRAMEWORK_HEADER = YES;
				CLANG_WARN_RANGE_LOOP_ANALYSIS = YES;
				CLANG_WARN_STRICT_PROTOTYPES = YES;
				CLANG_WARN_SUSPICIOUS_MOVE = YES;
				CLANG_WARN_UNGUARDED_AVAILABILITY = YES_AGGRESSIVE;
				CLANG_WARN_UNREACHABLE_CODE = YES;
				CLANG_WARN__DUPLICATE_METHOD_MATCH = YES;
				COPY_PHASE_STRIP = NO;
				DEBUG_INFORMATION_FORMAT = dwarf;
				ENABLE_STRICT_OBJC_MSGSEND = YES;
				ENABLE_TESTABILITY = YES;
				ENABLE_USER_SCRIPT_SANDBOXING = YES;
				GCC_C_LANGUAGE_STANDARD = gnu17;
				GCC_DYNAMIC_NO_PIC = NO;
				GCC_NO_COMMON_BLOCKS = YES;
				GCC_OPTIMIZATION_LEVEL = 0;
				GCC_PREPROCESSOR_DEFINITIONS = (
					"DEBUG=1",
					"$(inherited)",
				);
				GCC_WARN_64_TO_32_BIT_CONVERSION = YES;
				GCC_WARN_ABOUT_RETURN_TYPE = YES_ERROR;
				GCC_WARN_UNDECLARED_SELECTOR = YES;
				GCC_WARN_UNINITIALIZED_AUTOS = YES_AGGRESSIVE;
				GCC_WARN_UNUSED_FUNCTION = YES;
				GCC_WARN_UNUSED_VARIABLE = YES;
				IPHONEOS_DEPLOYMENT_TARGET = 17.6;
				LOCALIZATION_PREFERS_STRING_CATALOGS = YES;
				MTL_ENABLE_DEBUG_INFO = INCLUDE_SOURCE;
				MTL_FAST_MATH = YES;
				ONLY_ACTIVE_ARCH = YES;
				SDKROOT = iphoneos;
				SWIFT_ACTIVE_COMPILATION_CONDITIONS = "DEBUG $(inherited)";
				SWIFT_OPTIMIZATION_LEVEL = "-Onone";
			};
			name = Debug;
		};
		206C8F952AE182020081A35A /* Release */ = {
			isa = XCBuildConfiguration;
			buildSettings = {
				ALWAYS_SEARCH_USER_PATHS = NO;
				ASSETCATALOG_COMPILER_GENERATE_SWIFT_ASSET_SYMBOL_EXTENSIONS = YES;
				CLANG_ANALYZER_NONNULL = YES;
				CLANG_ANALYZER_NUMBER_OBJECT_CONVERSION = YES_AGGRESSIVE;
				CLANG_CXX_LANGUAGE_STANDARD = "gnu++20";
				CLANG_ENABLE_MODULES = YES;
				CLANG_ENABLE_OBJC_ARC = YES;
				CLANG_ENABLE_OBJC_WEAK = YES;
				CLANG_WARN_BLOCK_CAPTURE_AUTORELEASING = YES;
				CLANG_WARN_BOOL_CONVERSION = YES;
				CLANG_WARN_COMMA = YES;
				CLANG_WARN_CONSTANT_CONVERSION = YES;
				CLANG_WARN_DEPRECATED_OBJC_IMPLEMENTATIONS = YES;
				CLANG_WARN_DIRECT_OBJC_ISA_USAGE = YES_ERROR;
				CLANG_WARN_DOCUMENTATION_COMMENTS = YES;
				CLANG_WARN_EMPTY_BODY = YES;
				CLANG_WARN_ENUM_CONVERSION = YES;
				CLANG_WARN_INFINITE_RECURSION = YES;
				CLANG_WARN_INT_CONVERSION = YES;
				CLANG_WARN_NON_LITERAL_NULL_CONVERSION = YES;
				CLANG_WARN_OBJC_IMPLICIT_RETAIN_SELF = YES;
				CLANG_WARN_OBJC_LITERAL_CONVERSION = YES;
				CLANG_WARN_OBJC_ROOT_CLASS = YES_ERROR;
				CLANG_WARN_QUOTED_INCLUDE_IN_FRAMEWORK_HEADER = YES;
				CLANG_WARN_RANGE_LOOP_ANALYSIS = YES;
				CLANG_WARN_STRICT_PROTOTYPES = YES;
				CLANG_WARN_SUSPICIOUS_MOVE = YES;
				CLANG_WARN_UNGUARDED_AVAILABILITY = YES_AGGRESSIVE;
				CLANG_WARN_UNREACHABLE_CODE = YES;
				CLANG_WARN__DUPLICATE_METHOD_MATCH = YES;
				COPY_PHASE_STRIP = NO;
				DEBUG_INFORMATION_FORMAT = "dwarf-with-dsym";
				ENABLE_NS_ASSERTIONS = NO;
				ENABLE_STRICT_OBJC_MSGSEND = YES;
				ENABLE_USER_SCRIPT_SANDBOXING = YES;
				GCC_C_LANGUAGE_STANDARD = gnu17;
				GCC_NO_COMMON_BLOCKS = YES;
				GCC_WARN_64_TO_32_BIT_CONVERSION = YES;
				GCC_WARN_ABOUT_RETURN_TYPE = YES_ERROR;
				GCC_WARN_UNDECLARED_SELECTOR = YES;
				GCC_WARN_UNINITIALIZED_AUTOS = YES_AGGRESSIVE;
				GCC_WARN_UNUSED_FUNCTION = YES;
				GCC_WARN_UNUSED_VARIABLE = YES;
				IPHONEOS_DEPLOYMENT_TARGET = 17.6;
				LOCALIZATION_PREFERS_STRING_CATALOGS = YES;
				MTL_ENABLE_DEBUG_INFO = NO;
				MTL_FAST_MATH = YES;
				SDKROOT = iphoneos;
				SWIFT_COMPILATION_MODE = wholemodule;
				VALIDATE_PRODUCT = YES;
			};
			name = Release;
		};
		206C8F972AE182020081A35A /* Debug */ = {
			isa = XCBuildConfiguration;
			buildSettings = {
				ASSETCATALOG_COMPILER_APPICON_NAME = AppIcon;
				ASSETCATALOG_COMPILER_GLOBAL_ACCENT_COLOR_NAME = AccentColor;
				CODE_SIGN_STYLE = Automatic;
				CURRENT_PROJECT_VERSION = 1.2.2;
				DEVELOPMENT_ASSET_PATHS = "\"SHPE-UF-Mobile-Swift/Preview Content\"";
				DEVELOPMENT_TEAM = 7F4NDT3MRR;
				ENABLE_PREVIEWS = YES;
				GENERATE_INFOPLIST_FILE = YES;
				INFOPLIST_FILE = "SHPE-UF-Mobile-Swift/Info.plist";
				INFOPLIST_KEY_CFBundleDisplayName = "SHPE UF";
				INFOPLIST_KEY_NSCameraUsageDescription = "Allow access to camera to scan QR codes";
				INFOPLIST_KEY_NSLocationWhenInUseUsageDescription = "Need to know location to prepare your route";
				INFOPLIST_KEY_UIApplicationSceneManifest_Generation = YES;
				INFOPLIST_KEY_UIApplicationSupportsIndirectInputEvents = YES;
				INFOPLIST_KEY_UILaunchScreen_Generation = YES;
				INFOPLIST_KEY_UILaunchStoryboardName = LaunchScreen.storyboard;
				INFOPLIST_KEY_UISupportedInterfaceOrientations = UIInterfaceOrientationPortrait;
				INFOPLIST_KEY_UISupportedInterfaceOrientations_iPad = "UIInterfaceOrientationLandscapeLeft UIInterfaceOrientationLandscapeRight UIInterfaceOrientationPortrait UIInterfaceOrientationPortraitUpsideDown";
				INFOPLIST_KEY_UIUserInterfaceStyle = Light;
				IPHONEOS_DEPLOYMENT_TARGET = 17.0;
				LD_RUNPATH_SEARCH_PATHS = (
					"$(inherited)",
					"@executable_path/Frameworks",
				);
				MARKETING_VERSION = 1.2.2;
				PRODUCT_BUNDLE_IDENTIFIER = "com.shpeuf.shpe-uf";
				PRODUCT_NAME = "$(TARGET_NAME)";
				SWIFT_EMIT_LOC_STRINGS = YES;
				SWIFT_VERSION = 5.0;
				TARGETED_DEVICE_FAMILY = "1,2";
			};
			name = Debug;
		};
		206C8F982AE182020081A35A /* Release */ = {
			isa = XCBuildConfiguration;
			buildSettings = {
				ASSETCATALOG_COMPILER_APPICON_NAME = AppIcon;
				ASSETCATALOG_COMPILER_GLOBAL_ACCENT_COLOR_NAME = AccentColor;
				CODE_SIGN_STYLE = Automatic;
				CURRENT_PROJECT_VERSION = 1.2.2;
				DEVELOPMENT_ASSET_PATHS = "\"SHPE-UF-Mobile-Swift/Preview Content\"";
				DEVELOPMENT_TEAM = 7F4NDT3MRR;
				ENABLE_PREVIEWS = YES;
				GENERATE_INFOPLIST_FILE = YES;
				INFOPLIST_FILE = "SHPE-UF-Mobile-Swift/Info.plist";
				INFOPLIST_KEY_CFBundleDisplayName = "SHPE UF";
				INFOPLIST_KEY_NSCameraUsageDescription = "Allow access to camera to scan QR codes";
				INFOPLIST_KEY_NSLocationWhenInUseUsageDescription = "Need to know location to prepare your route";
				INFOPLIST_KEY_UIApplicationSceneManifest_Generation = YES;
				INFOPLIST_KEY_UIApplicationSupportsIndirectInputEvents = YES;
				INFOPLIST_KEY_UILaunchScreen_Generation = YES;
				INFOPLIST_KEY_UILaunchStoryboardName = LaunchScreen.storyboard;
				INFOPLIST_KEY_UISupportedInterfaceOrientations = UIInterfaceOrientationPortrait;
				INFOPLIST_KEY_UISupportedInterfaceOrientations_iPad = "UIInterfaceOrientationLandscapeLeft UIInterfaceOrientationLandscapeRight UIInterfaceOrientationPortrait UIInterfaceOrientationPortraitUpsideDown";
				INFOPLIST_KEY_UIUserInterfaceStyle = Light;
				IPHONEOS_DEPLOYMENT_TARGET = 17.0;
				LD_RUNPATH_SEARCH_PATHS = (
					"$(inherited)",
					"@executable_path/Frameworks",
				);
				MARKETING_VERSION = 1.2.2;
				PRODUCT_BUNDLE_IDENTIFIER = "com.shpeuf.shpe-uf";
				PRODUCT_NAME = "$(TARGET_NAME)";
				SWIFT_EMIT_LOC_STRINGS = YES;
				SWIFT_VERSION = 5.0;
				TARGETED_DEVICE_FAMILY = "1,2";
			};
			name = Release;
		};
		206C8F9A2AE182020081A35A /* Debug */ = {
			isa = XCBuildConfiguration;
			buildSettings = {
				ALWAYS_EMBED_SWIFT_STANDARD_LIBRARIES = YES;
				BUNDLE_LOADER = "$(TEST_HOST)";
				CODE_SIGN_STYLE = Automatic;
				CURRENT_PROJECT_VERSION = 1;
				GENERATE_INFOPLIST_FILE = YES;
				IPHONEOS_DEPLOYMENT_TARGET = 17.0;
				MARKETING_VERSION = 1.0;
				PRODUCT_BUNDLE_IDENTIFIER = "com.SHPE-UF-Mobile-SwiftTests";
				PRODUCT_NAME = "$(TARGET_NAME)";
				SWIFT_EMIT_LOC_STRINGS = NO;
				SWIFT_VERSION = 5.0;
				TARGETED_DEVICE_FAMILY = "1,2";
				TEST_HOST = "$(BUILT_PRODUCTS_DIR)/SHPE-UF-Mobile-Swift.app/$(BUNDLE_EXECUTABLE_FOLDER_PATH)/SHPE-UF-Mobile-Swift";
			};
			name = Debug;
		};
		206C8F9B2AE182020081A35A /* Release */ = {
			isa = XCBuildConfiguration;
			buildSettings = {
				ALWAYS_EMBED_SWIFT_STANDARD_LIBRARIES = YES;
				BUNDLE_LOADER = "$(TEST_HOST)";
				CODE_SIGN_STYLE = Automatic;
				CURRENT_PROJECT_VERSION = 1;
				GENERATE_INFOPLIST_FILE = YES;
				IPHONEOS_DEPLOYMENT_TARGET = 17.0;
				MARKETING_VERSION = 1.0;
				PRODUCT_BUNDLE_IDENTIFIER = "com.SHPE-UF-Mobile-SwiftTests";
				PRODUCT_NAME = "$(TARGET_NAME)";
				SWIFT_EMIT_LOC_STRINGS = NO;
				SWIFT_VERSION = 5.0;
				TARGETED_DEVICE_FAMILY = "1,2";
				TEST_HOST = "$(BUILT_PRODUCTS_DIR)/SHPE-UF-Mobile-Swift.app/$(BUNDLE_EXECUTABLE_FOLDER_PATH)/SHPE-UF-Mobile-Swift";
			};
			name = Release;
		};
		206C8F9D2AE182020081A35A /* Debug */ = {
			isa = XCBuildConfiguration;
			buildSettings = {
				ALWAYS_EMBED_SWIFT_STANDARD_LIBRARIES = YES;
				CODE_SIGN_STYLE = Automatic;
				CURRENT_PROJECT_VERSION = 1;
				GENERATE_INFOPLIST_FILE = YES;
				MARKETING_VERSION = 1.0;
				PRODUCT_BUNDLE_IDENTIFIER = "com.SHPE-UF-Mobile-SwiftUITests";
				PRODUCT_NAME = "$(TARGET_NAME)";
				SWIFT_EMIT_LOC_STRINGS = NO;
				SWIFT_VERSION = 5.0;
				TARGETED_DEVICE_FAMILY = "1,2";
				TEST_TARGET_NAME = "SHPE-UF-Mobile-Swift";
			};
			name = Debug;
		};
		206C8F9E2AE182020081A35A /* Release */ = {
			isa = XCBuildConfiguration;
			buildSettings = {
				ALWAYS_EMBED_SWIFT_STANDARD_LIBRARIES = YES;
				CODE_SIGN_STYLE = Automatic;
				CURRENT_PROJECT_VERSION = 1;
				GENERATE_INFOPLIST_FILE = YES;
				MARKETING_VERSION = 1.0;
				PRODUCT_BUNDLE_IDENTIFIER = "com.SHPE-UF-Mobile-SwiftUITests";
				PRODUCT_NAME = "$(TARGET_NAME)";
				SWIFT_EMIT_LOC_STRINGS = NO;
				SWIFT_VERSION = 5.0;
				TARGETED_DEVICE_FAMILY = "1,2";
				TEST_TARGET_NAME = "SHPE-UF-Mobile-Swift";
			};
			name = Release;
		};
/* End XCBuildConfiguration section */

/* Begin XCConfigurationList section */
		206C8F6D2AE181FF0081A35A /* Build configuration list for PBXProject "SHPE-UF-Mobile-Swift" */ = {
			isa = XCConfigurationList;
			buildConfigurations = (
				206C8F942AE182020081A35A /* Debug */,
				206C8F952AE182020081A35A /* Release */,
			);
			defaultConfigurationIsVisible = 0;
			defaultConfigurationName = Release;
		};
		206C8F962AE182020081A35A /* Build configuration list for PBXNativeTarget "SHPE-UF-Mobile-Swift" */ = {
			isa = XCConfigurationList;
			buildConfigurations = (
				206C8F972AE182020081A35A /* Debug */,
				206C8F982AE182020081A35A /* Release */,
			);
			defaultConfigurationIsVisible = 0;
			defaultConfigurationName = Release;
		};
		206C8F992AE182020081A35A /* Build configuration list for PBXNativeTarget "SHPE-UF-Mobile-SwiftTests" */ = {
			isa = XCConfigurationList;
			buildConfigurations = (
				206C8F9A2AE182020081A35A /* Debug */,
				206C8F9B2AE182020081A35A /* Release */,
			);
			defaultConfigurationIsVisible = 0;
			defaultConfigurationName = Release;
		};
		206C8F9C2AE182020081A35A /* Build configuration list for PBXNativeTarget "SHPE-UF-Mobile-SwiftUITests" */ = {
			isa = XCConfigurationList;
			buildConfigurations = (
				206C8F9D2AE182020081A35A /* Debug */,
				206C8F9E2AE182020081A35A /* Release */,
			);
			defaultConfigurationIsVisible = 0;
			defaultConfigurationName = Release;
		};
/* End XCConfigurationList section */

/* Begin XCRemoteSwiftPackageReference section */
		9560D49E2D19BD73002938CE /* XCRemoteSwiftPackageReference "CodeScanner" */ = {
			isa = XCRemoteSwiftPackageReference;
			repositoryURL = "https://github.com/twostraws/CodeScanner.git";
			requirement = {
				kind = upToNextMajorVersion;
				minimumVersion = 2.5.2;
			};
		};
		9560D4A12D19BD7B002938CE /* XCRemoteSwiftPackageReference "apollo-ios" */ = {
			isa = XCRemoteSwiftPackageReference;
			repositoryURL = "https://github.com/apollographql/apollo-ios.git";
			requirement = {
				kind = upToNextMajorVersion;
				minimumVersion = 1.15.3;
			};
		};
/* End XCRemoteSwiftPackageReference section */

/* Begin XCSwiftPackageProductDependency section */
		812F46762DC52D34007D7125 /* ApolloAPI */ = {
			isa = XCSwiftPackageProductDependency;
			package = 9560D4A12D19BD7B002938CE /* XCRemoteSwiftPackageReference "apollo-ios" */;
			productName = ApolloAPI;
		};
		9560D49F2D19BD73002938CE /* CodeScanner */ = {
			isa = XCSwiftPackageProductDependency;
			package = 9560D49E2D19BD73002938CE /* XCRemoteSwiftPackageReference "CodeScanner" */;
			productName = CodeScanner;
		};
		9560D4A22D19BD7B002938CE /* Apollo */ = {
			isa = XCSwiftPackageProductDependency;
			package = 9560D4A12D19BD7B002938CE /* XCRemoteSwiftPackageReference "apollo-ios" */;
			productName = Apollo;
		};
/* End XCSwiftPackageProductDependency section */

/* Begin XCVersionGroup section */
		52051D8D2CC1BCBF00B07A32 /* CoreUserModel.xcdatamodeld */ = {
			isa = XCVersionGroup;
			children = (
				52051D8E2CC1BCBF00B07A32 /* CoreUserModel.xcdatamodel */,
			);
			currentVersion = 52051D8E2CC1BCBF00B07A32 /* CoreUserModel.xcdatamodel */;
			path = CoreUserModel.xcdatamodeld;
			sourceTree = "<group>";
			versionGroupType = wrapper.xcdatamodel;
		};
/* End XCVersionGroup section */
	};
	rootObject = 206C8F6A2AE181FF0081A35A /* Project object */;
}
